
Microsoft Visual Studio Solution File, Format Version 12.00
# Visual Studio Express 2012 for Windows Phone
Project("{8BC9CEB8-8B4A-11D0-8D11-00A0C91BC942}") = "zlib_wp8", "..\zlib\zlib_wp8.vcxproj", "{B3E40CFB-F117-4AB4-BBAC-2D97AFF26FD3}"
EndProject
Project("{8BC9CEB8-8B4A-11D0-8D11-00A0C91BC942}") = "TmxParser_wp8", "..\tmx-parser\TmxParser\TmxParser_wp8.vcxproj", "{798FC53D-6DA5-4634-8C4E-1CA2368F27EA}"
EndProject
Project("{8BC9CEB8-8B4A-11D0-8D11-00A0C91BC942}") = "libpng_wp8", "..\libpng\projects\visualc71\libpng_wp8.vcxproj", "{FF4FF779-DF9F-4D35-BDC3-7BA97144E145}"
EndProject
Project("{8BC9CEB8-8B4A-11D0-8D11-00A0C91BC942}") = "DirectXTK_wp8", "..\directxtkFeb13\DirectXTK_WindowsPhone8.vcxproj", "{E0B52AE7-E160-4D32-BF3F-910B785E5A8E}"
EndProject
Project("{8BC9CEB8-8B4A-11D0-8D11-00A0C91BC942}") = "Box2D_wp8", "..\Box2D_v2.2.1\Build\vs2010\Box2D_wp8.vcxproj", "{98400D17-43A5-1A40-95BE-C53AC78E7694}"
EndProject
Project("{8BC9CEB8-8B4A-11D0-8D11-00A0C91BC942}") = "FiveteenGameLib_wp8", "FiveteenGameLib_wp8.vcxproj", "{11623035-51DD-4BA7-85A8-D9887ACFBC95}"
EndProject
Project("{FAE04EC0-301F-11D3-BF4B-00C04F79EFBC}") = "Fiveteen", "wp8\Fiveteen\Fiveteen.csproj", "{69CFF1F9-DC27-4B0A-91CB-07BE8DEDD200}"
EndProject
Project("{8BC9CEB8-8B4A-11D0-8D11-00A0C91BC942}") = "FiveteenComponent", "wp8\FiveteenComponent\FiveteenComponent.vcxproj", "{52996F15-FE1B-40B1-A447-734694C8FD8E}"
	ProjectSection(ProjectDependencies) = postProject
		{11623035-51DD-4BA7-85A8-D9887ACFBC95} = {11623035-51DD-4BA7-85A8-D9887ACFBC95}
	EndProjectSection
EndProject
Project("{8BC9CEB8-8B4A-11D0-8D11-00A0C91BC942}") = "tinyxml_wp8", "..\tinyxml\tinyxml_lib_wp8.vcxproj", "{C406DAEC-0886-4771-8DEA-9D7329B46CC1}"
EndProject
Global
	GlobalSection(SolutionConfigurationPlatforms) = preSolution
		Debug|Any CPU = Debug|Any CPU
		Debug|ARM = Debug|ARM
		Debug|Mixed Platforms = Debug|Mixed Platforms
		Debug|Win32 = Debug|Win32
		Debug|x64 = Debug|x64
		Debug|x86 = Debug|x86
		DLL ASM Debug|Any CPU = DLL ASM Debug|Any CPU
		DLL ASM Debug|ARM = DLL ASM Debug|ARM
		DLL ASM Debug|Mixed Platforms = DLL ASM Debug|Mixed Platforms
		DLL ASM Debug|Win32 = DLL ASM Debug|Win32
		DLL ASM Debug|x64 = DLL ASM Debug|x64
		DLL ASM Debug|x86 = DLL ASM Debug|x86
		DLL ASM Release|Any CPU = DLL ASM Release|Any CPU
		DLL ASM Release|ARM = DLL ASM Release|ARM
		DLL ASM Release|Mixed Platforms = DLL ASM Release|Mixed Platforms
		DLL ASM Release|Win32 = DLL ASM Release|Win32
		DLL ASM Release|x64 = DLL ASM Release|x64
		DLL ASM Release|x86 = DLL ASM Release|x86
		DLL Debug|Any CPU = DLL Debug|Any CPU
		DLL Debug|ARM = DLL Debug|ARM
		DLL Debug|Mixed Platforms = DLL Debug|Mixed Platforms
		DLL Debug|Win32 = DLL Debug|Win32
		DLL Debug|x64 = DLL Debug|x64
		DLL Debug|x86 = DLL Debug|x86
		DLL Release|Any CPU = DLL Release|Any CPU
		DLL Release|ARM = DLL Release|ARM
		DLL Release|Mixed Platforms = DLL Release|Mixed Platforms
		DLL Release|Win32 = DLL Release|Win32
		DLL Release|x64 = DLL Release|x64
		DLL Release|x86 = DLL Release|x86
		DLL VB|Any CPU = DLL VB|Any CPU
		DLL VB|ARM = DLL VB|ARM
		DLL VB|Mixed Platforms = DLL VB|Mixed Platforms
		DLL VB|Win32 = DLL VB|Win32
		DLL VB|x64 = DLL VB|x64
		DLL VB|x86 = DLL VB|x86
		LIB ASM Debug|Any CPU = LIB ASM Debug|Any CPU
		LIB ASM Debug|ARM = LIB ASM Debug|ARM
		LIB ASM Debug|Mixed Platforms = LIB ASM Debug|Mixed Platforms
		LIB ASM Debug|Win32 = LIB ASM Debug|Win32
		LIB ASM Debug|x64 = LIB ASM Debug|x64
		LIB ASM Debug|x86 = LIB ASM Debug|x86
		LIB ASM Release|Any CPU = LIB ASM Release|Any CPU
		LIB ASM Release|ARM = LIB ASM Release|ARM
		LIB ASM Release|Mixed Platforms = LIB ASM Release|Mixed Platforms
		LIB ASM Release|Win32 = LIB ASM Release|Win32
		LIB ASM Release|x64 = LIB ASM Release|x64
		LIB ASM Release|x86 = LIB ASM Release|x86
		LIB Debug|Any CPU = LIB Debug|Any CPU
		LIB Debug|ARM = LIB Debug|ARM
		LIB Debug|Mixed Platforms = LIB Debug|Mixed Platforms
		LIB Debug|Win32 = LIB Debug|Win32
		LIB Debug|x64 = LIB Debug|x64
		LIB Debug|x86 = LIB Debug|x86
		LIB Release|Any CPU = LIB Release|Any CPU
		LIB Release|ARM = LIB Release|ARM
		LIB Release|Mixed Platforms = LIB Release|Mixed Platforms
		LIB Release|Win32 = LIB Release|Win32
		LIB Release|x64 = LIB Release|x64
		LIB Release|x86 = LIB Release|x86
		Release|Any CPU = Release|Any CPU
		Release|ARM = Release|ARM
		Release|Mixed Platforms = Release|Mixed Platforms
		Release|Win32 = Release|Win32
		Release|x64 = Release|x64
		Release|x86 = Release|x86
	EndGlobalSection
	GlobalSection(ProjectConfigurationPlatforms) = postSolution
		{B3E40CFB-F117-4AB4-BBAC-2D97AFF26FD3}.Debug|Any CPU.ActiveCfg = Debug|Win32
		{B3E40CFB-F117-4AB4-BBAC-2D97AFF26FD3}.Debug|ARM.ActiveCfg = Debug|ARM
		{B3E40CFB-F117-4AB4-BBAC-2D97AFF26FD3}.Debug|ARM.Build.0 = Debug|ARM
		{B3E40CFB-F117-4AB4-BBAC-2D97AFF26FD3}.Debug|Mixed Platforms.ActiveCfg = Debug|ARM
		{B3E40CFB-F117-4AB4-BBAC-2D97AFF26FD3}.Debug|Mixed Platforms.Build.0 = Debug|ARM
		{B3E40CFB-F117-4AB4-BBAC-2D97AFF26FD3}.Debug|Mixed Platforms.Deploy.0 = Debug|ARM
		{B3E40CFB-F117-4AB4-BBAC-2D97AFF26FD3}.Debug|Win32.ActiveCfg = Debug|Win32
		{B3E40CFB-F117-4AB4-BBAC-2D97AFF26FD3}.Debug|Win32.Build.0 = Debug|Win32
		{B3E40CFB-F117-4AB4-BBAC-2D97AFF26FD3}.Debug|x64.ActiveCfg = Debug|Win32
		{B3E40CFB-F117-4AB4-BBAC-2D97AFF26FD3}.Debug|x86.ActiveCfg = Debug|Win32
		{B3E40CFB-F117-4AB4-BBAC-2D97AFF26FD3}.Debug|x86.Build.0 = Debug|Win32
		{B3E40CFB-F117-4AB4-BBAC-2D97AFF26FD3}.DLL ASM Debug|Any CPU.ActiveCfg = Debug|Win32
		{B3E40CFB-F117-4AB4-BBAC-2D97AFF26FD3}.DLL ASM Debug|ARM.ActiveCfg = Debug|Win32
		{B3E40CFB-F117-4AB4-BBAC-2D97AFF26FD3}.DLL ASM Debug|Mixed Platforms.ActiveCfg = Debug|Win32
		{B3E40CFB-F117-4AB4-BBAC-2D97AFF26FD3}.DLL ASM Debug|Mixed Platforms.Build.0 = Debug|Win32
		{B3E40CFB-F117-4AB4-BBAC-2D97AFF26FD3}.DLL ASM Debug|Win32.ActiveCfg = Debug|Win32
		{B3E40CFB-F117-4AB4-BBAC-2D97AFF26FD3}.DLL ASM Debug|Win32.Build.0 = Debug|Win32
		{B3E40CFB-F117-4AB4-BBAC-2D97AFF26FD3}.DLL ASM Debug|x64.ActiveCfg = Debug|Win32
		{B3E40CFB-F117-4AB4-BBAC-2D97AFF26FD3}.DLL ASM Debug|x86.ActiveCfg = Debug|Win32
		{B3E40CFB-F117-4AB4-BBAC-2D97AFF26FD3}.DLL ASM Debug|x86.Build.0 = Debug|Win32
		{B3E40CFB-F117-4AB4-BBAC-2D97AFF26FD3}.DLL ASM Release|Any CPU.ActiveCfg = Release|Win32
		{B3E40CFB-F117-4AB4-BBAC-2D97AFF26FD3}.DLL ASM Release|ARM.ActiveCfg = Release|Win32
		{B3E40CFB-F117-4AB4-BBAC-2D97AFF26FD3}.DLL ASM Release|Mixed Platforms.ActiveCfg = Release|Win32
		{B3E40CFB-F117-4AB4-BBAC-2D97AFF26FD3}.DLL ASM Release|Mixed Platforms.Build.0 = Release|Win32
		{B3E40CFB-F117-4AB4-BBAC-2D97AFF26FD3}.DLL ASM Release|Win32.ActiveCfg = Release|Win32
		{B3E40CFB-F117-4AB4-BBAC-2D97AFF26FD3}.DLL ASM Release|Win32.Build.0 = Release|Win32
		{B3E40CFB-F117-4AB4-BBAC-2D97AFF26FD3}.DLL ASM Release|x64.ActiveCfg = Release|Win32
		{B3E40CFB-F117-4AB4-BBAC-2D97AFF26FD3}.DLL ASM Release|x86.ActiveCfg = Release|Win32
		{B3E40CFB-F117-4AB4-BBAC-2D97AFF26FD3}.DLL ASM Release|x86.Build.0 = Release|Win32
		{B3E40CFB-F117-4AB4-BBAC-2D97AFF26FD3}.DLL Debug|Any CPU.ActiveCfg = Debug|Win32
		{B3E40CFB-F117-4AB4-BBAC-2D97AFF26FD3}.DLL Debug|ARM.ActiveCfg = Debug|Win32
		{B3E40CFB-F117-4AB4-BBAC-2D97AFF26FD3}.DLL Debug|Mixed Platforms.ActiveCfg = Debug|Win32
		{B3E40CFB-F117-4AB4-BBAC-2D97AFF26FD3}.DLL Debug|Mixed Platforms.Build.0 = Debug|Win32
		{B3E40CFB-F117-4AB4-BBAC-2D97AFF26FD3}.DLL Debug|Win32.ActiveCfg = Debug|Win32
		{B3E40CFB-F117-4AB4-BBAC-2D97AFF26FD3}.DLL Debug|Win32.Build.0 = Debug|Win32
		{B3E40CFB-F117-4AB4-BBAC-2D97AFF26FD3}.DLL Debug|x64.ActiveCfg = Debug|Win32
		{B3E40CFB-F117-4AB4-BBAC-2D97AFF26FD3}.DLL Debug|x86.ActiveCfg = Debug|Win32
		{B3E40CFB-F117-4AB4-BBAC-2D97AFF26FD3}.DLL Debug|x86.Build.0 = Debug|Win32
		{B3E40CFB-F117-4AB4-BBAC-2D97AFF26FD3}.DLL Release|Any CPU.ActiveCfg = Release|Win32
		{B3E40CFB-F117-4AB4-BBAC-2D97AFF26FD3}.DLL Release|ARM.ActiveCfg = Release|Win32
		{B3E40CFB-F117-4AB4-BBAC-2D97AFF26FD3}.DLL Release|Mixed Platforms.ActiveCfg = Release|Win32
		{B3E40CFB-F117-4AB4-BBAC-2D97AFF26FD3}.DLL Release|Mixed Platforms.Build.0 = Release|Win32
		{B3E40CFB-F117-4AB4-BBAC-2D97AFF26FD3}.DLL Release|Win32.ActiveCfg = Release|Win32
		{B3E40CFB-F117-4AB4-BBAC-2D97AFF26FD3}.DLL Release|Win32.Build.0 = Release|Win32
		{B3E40CFB-F117-4AB4-BBAC-2D97AFF26FD3}.DLL Release|x64.ActiveCfg = Release|Win32
		{B3E40CFB-F117-4AB4-BBAC-2D97AFF26FD3}.DLL Release|x86.ActiveCfg = Release|Win32
		{B3E40CFB-F117-4AB4-BBAC-2D97AFF26FD3}.DLL Release|x86.Build.0 = Release|Win32
		{B3E40CFB-F117-4AB4-BBAC-2D97AFF26FD3}.DLL VB|Any CPU.ActiveCfg = Debug|Win32
		{B3E40CFB-F117-4AB4-BBAC-2D97AFF26FD3}.DLL VB|ARM.ActiveCfg = Debug|Win32
		{B3E40CFB-F117-4AB4-BBAC-2D97AFF26FD3}.DLL VB|Mixed Platforms.ActiveCfg = Debug|Win32
		{B3E40CFB-F117-4AB4-BBAC-2D97AFF26FD3}.DLL VB|Mixed Platforms.Build.0 = Debug|Win32
		{B3E40CFB-F117-4AB4-BBAC-2D97AFF26FD3}.DLL VB|Win32.ActiveCfg = Debug|Win32
		{B3E40CFB-F117-4AB4-BBAC-2D97AFF26FD3}.DLL VB|Win32.Build.0 = Debug|Win32
		{B3E40CFB-F117-4AB4-BBAC-2D97AFF26FD3}.DLL VB|x64.ActiveCfg = Debug|Win32
		{B3E40CFB-F117-4AB4-BBAC-2D97AFF26FD3}.DLL VB|x86.ActiveCfg = Debug|Win32
		{B3E40CFB-F117-4AB4-BBAC-2D97AFF26FD3}.DLL VB|x86.Build.0 = Debug|Win32
		{B3E40CFB-F117-4AB4-BBAC-2D97AFF26FD3}.LIB ASM Debug|Any CPU.ActiveCfg = Debug|Win32
		{B3E40CFB-F117-4AB4-BBAC-2D97AFF26FD3}.LIB ASM Debug|ARM.ActiveCfg = Debug|Win32
		{B3E40CFB-F117-4AB4-BBAC-2D97AFF26FD3}.LIB ASM Debug|Mixed Platforms.ActiveCfg = Debug|Win32
		{B3E40CFB-F117-4AB4-BBAC-2D97AFF26FD3}.LIB ASM Debug|Mixed Platforms.Build.0 = Debug|Win32
		{B3E40CFB-F117-4AB4-BBAC-2D97AFF26FD3}.LIB ASM Debug|Win32.ActiveCfg = Debug|Win32
		{B3E40CFB-F117-4AB4-BBAC-2D97AFF26FD3}.LIB ASM Debug|Win32.Build.0 = Debug|Win32
		{B3E40CFB-F117-4AB4-BBAC-2D97AFF26FD3}.LIB ASM Debug|x64.ActiveCfg = Debug|Win32
		{B3E40CFB-F117-4AB4-BBAC-2D97AFF26FD3}.LIB ASM Debug|x86.ActiveCfg = Debug|Win32
		{B3E40CFB-F117-4AB4-BBAC-2D97AFF26FD3}.LIB ASM Debug|x86.Build.0 = Debug|Win32
		{B3E40CFB-F117-4AB4-BBAC-2D97AFF26FD3}.LIB ASM Release|Any CPU.ActiveCfg = Release|Win32
		{B3E40CFB-F117-4AB4-BBAC-2D97AFF26FD3}.LIB ASM Release|ARM.ActiveCfg = Release|Win32
		{B3E40CFB-F117-4AB4-BBAC-2D97AFF26FD3}.LIB ASM Release|Mixed Platforms.ActiveCfg = Release|Win32
		{B3E40CFB-F117-4AB4-BBAC-2D97AFF26FD3}.LIB ASM Release|Mixed Platforms.Build.0 = Release|Win32
		{B3E40CFB-F117-4AB4-BBAC-2D97AFF26FD3}.LIB ASM Release|Win32.ActiveCfg = Release|Win32
		{B3E40CFB-F117-4AB4-BBAC-2D97AFF26FD3}.LIB ASM Release|Win32.Build.0 = Release|Win32
		{B3E40CFB-F117-4AB4-BBAC-2D97AFF26FD3}.LIB ASM Release|x64.ActiveCfg = Release|Win32
		{B3E40CFB-F117-4AB4-BBAC-2D97AFF26FD3}.LIB ASM Release|x86.ActiveCfg = Release|Win32
		{B3E40CFB-F117-4AB4-BBAC-2D97AFF26FD3}.LIB ASM Release|x86.Build.0 = Release|Win32
		{B3E40CFB-F117-4AB4-BBAC-2D97AFF26FD3}.LIB Debug|Any CPU.ActiveCfg = Debug|Win32
		{B3E40CFB-F117-4AB4-BBAC-2D97AFF26FD3}.LIB Debug|ARM.ActiveCfg = Debug|Win32
		{B3E40CFB-F117-4AB4-BBAC-2D97AFF26FD3}.LIB Debug|Mixed Platforms.ActiveCfg = Debug|Win32
		{B3E40CFB-F117-4AB4-BBAC-2D97AFF26FD3}.LIB Debug|Mixed Platforms.Build.0 = Debug|Win32
		{B3E40CFB-F117-4AB4-BBAC-2D97AFF26FD3}.LIB Debug|Win32.ActiveCfg = Debug|Win32
		{B3E40CFB-F117-4AB4-BBAC-2D97AFF26FD3}.LIB Debug|Win32.Build.0 = Debug|Win32
		{B3E40CFB-F117-4AB4-BBAC-2D97AFF26FD3}.LIB Debug|x64.ActiveCfg = Debug|Win32
		{B3E40CFB-F117-4AB4-BBAC-2D97AFF26FD3}.LIB Debug|x86.ActiveCfg = Debug|Win32
		{B3E40CFB-F117-4AB4-BBAC-2D97AFF26FD3}.LIB Debug|x86.Build.0 = Debug|Win32
		{B3E40CFB-F117-4AB4-BBAC-2D97AFF26FD3}.LIB Release|Any CPU.ActiveCfg = Release|Win32
		{B3E40CFB-F117-4AB4-BBAC-2D97AFF26FD3}.LIB Release|ARM.ActiveCfg = Release|Win32
		{B3E40CFB-F117-4AB4-BBAC-2D97AFF26FD3}.LIB Release|Mixed Platforms.ActiveCfg = Release|Win32
		{B3E40CFB-F117-4AB4-BBAC-2D97AFF26FD3}.LIB Release|Mixed Platforms.Build.0 = Release|Win32
		{B3E40CFB-F117-4AB4-BBAC-2D97AFF26FD3}.LIB Release|Win32.ActiveCfg = Release|Win32
		{B3E40CFB-F117-4AB4-BBAC-2D97AFF26FD3}.LIB Release|Win32.Build.0 = Release|Win32
		{B3E40CFB-F117-4AB4-BBAC-2D97AFF26FD3}.LIB Release|x64.ActiveCfg = Release|Win32
		{B3E40CFB-F117-4AB4-BBAC-2D97AFF26FD3}.LIB Release|x86.ActiveCfg = Release|Win32
		{B3E40CFB-F117-4AB4-BBAC-2D97AFF26FD3}.LIB Release|x86.Build.0 = Release|Win32
		{B3E40CFB-F117-4AB4-BBAC-2D97AFF26FD3}.Release|Any CPU.ActiveCfg = Release|Win32
		{B3E40CFB-F117-4AB4-BBAC-2D97AFF26FD3}.Release|ARM.ActiveCfg = Release|Win32
		{B3E40CFB-F117-4AB4-BBAC-2D97AFF26FD3}.Release|Mixed Platforms.ActiveCfg = Release|Win32
		{B3E40CFB-F117-4AB4-BBAC-2D97AFF26FD3}.Release|Mixed Platforms.Build.0 = Release|Win32
		{B3E40CFB-F117-4AB4-BBAC-2D97AFF26FD3}.Release|Win32.ActiveCfg = Release|Win32
		{B3E40CFB-F117-4AB4-BBAC-2D97AFF26FD3}.Release|Win32.Build.0 = Release|Win32
		{B3E40CFB-F117-4AB4-BBAC-2D97AFF26FD3}.Release|x64.ActiveCfg = Release|Win32
		{B3E40CFB-F117-4AB4-BBAC-2D97AFF26FD3}.Release|x86.ActiveCfg = Release|Win32
		{B3E40CFB-F117-4AB4-BBAC-2D97AFF26FD3}.Release|x86.Build.0 = Release|Win32
		{798FC53D-6DA5-4634-8C4E-1CA2368F27EA}.Debug|Any CPU.ActiveCfg = Debug|Win32
		{798FC53D-6DA5-4634-8C4E-1CA2368F27EA}.Debug|ARM.ActiveCfg = Debug|ARM
		{798FC53D-6DA5-4634-8C4E-1CA2368F27EA}.Debug|ARM.Build.0 = Debug|ARM
		{798FC53D-6DA5-4634-8C4E-1CA2368F27EA}.Debug|Mixed Platforms.ActiveCfg = Debug|ARM
		{798FC53D-6DA5-4634-8C4E-1CA2368F27EA}.Debug|Mixed Platforms.Build.0 = Debug|ARM
		{798FC53D-6DA5-4634-8C4E-1CA2368F27EA}.Debug|Win32.ActiveCfg = Debug|Win32
		{798FC53D-6DA5-4634-8C4E-1CA2368F27EA}.Debug|Win32.Build.0 = Debug|Win32
		{798FC53D-6DA5-4634-8C4E-1CA2368F27EA}.Debug|x64.ActiveCfg = Debug|Win32
		{798FC53D-6DA5-4634-8C4E-1CA2368F27EA}.Debug|x86.ActiveCfg = Debug|Win32
		{798FC53D-6DA5-4634-8C4E-1CA2368F27EA}.Debug|x86.Build.0 = Debug|Win32
		{798FC53D-6DA5-4634-8C4E-1CA2368F27EA}.DLL ASM Debug|Any CPU.ActiveCfg = Debug|Win32
		{798FC53D-6DA5-4634-8C4E-1CA2368F27EA}.DLL ASM Debug|ARM.ActiveCfg = Debug|Win32
		{798FC53D-6DA5-4634-8C4E-1CA2368F27EA}.DLL ASM Debug|Mixed Platforms.ActiveCfg = Debug|Win32
		{798FC53D-6DA5-4634-8C4E-1CA2368F27EA}.DLL ASM Debug|Mixed Platforms.Build.0 = Debug|Win32
		{798FC53D-6DA5-4634-8C4E-1CA2368F27EA}.DLL ASM Debug|Win32.ActiveCfg = Debug|Win32
		{798FC53D-6DA5-4634-8C4E-1CA2368F27EA}.DLL ASM Debug|Win32.Build.0 = Debug|Win32
		{798FC53D-6DA5-4634-8C4E-1CA2368F27EA}.DLL ASM Debug|x64.ActiveCfg = Debug|Win32
		{798FC53D-6DA5-4634-8C4E-1CA2368F27EA}.DLL ASM Debug|x86.ActiveCfg = Debug|Win32
		{798FC53D-6DA5-4634-8C4E-1CA2368F27EA}.DLL ASM Debug|x86.Build.0 = Debug|Win32
		{798FC53D-6DA5-4634-8C4E-1CA2368F27EA}.DLL ASM Release|Any CPU.ActiveCfg = Release|Win32
		{798FC53D-6DA5-4634-8C4E-1CA2368F27EA}.DLL ASM Release|ARM.ActiveCfg = Release|Win32
		{798FC53D-6DA5-4634-8C4E-1CA2368F27EA}.DLL ASM Release|Mixed Platforms.ActiveCfg = Release|Win32
		{798FC53D-6DA5-4634-8C4E-1CA2368F27EA}.DLL ASM Release|Mixed Platforms.Build.0 = Release|Win32
		{798FC53D-6DA5-4634-8C4E-1CA2368F27EA}.DLL ASM Release|Win32.ActiveCfg = Release|Win32
		{798FC53D-6DA5-4634-8C4E-1CA2368F27EA}.DLL ASM Release|Win32.Build.0 = Release|Win32
		{798FC53D-6DA5-4634-8C4E-1CA2368F27EA}.DLL ASM Release|x64.ActiveCfg = Release|Win32
		{798FC53D-6DA5-4634-8C4E-1CA2368F27EA}.DLL ASM Release|x86.ActiveCfg = Release|Win32
		{798FC53D-6DA5-4634-8C4E-1CA2368F27EA}.DLL ASM Release|x86.Build.0 = Release|Win32
		{798FC53D-6DA5-4634-8C4E-1CA2368F27EA}.DLL Debug|Any CPU.ActiveCfg = Debug|Win32
		{798FC53D-6DA5-4634-8C4E-1CA2368F27EA}.DLL Debug|ARM.ActiveCfg = Debug|Win32
		{798FC53D-6DA5-4634-8C4E-1CA2368F27EA}.DLL Debug|Mixed Platforms.ActiveCfg = Debug|Win32
		{798FC53D-6DA5-4634-8C4E-1CA2368F27EA}.DLL Debug|Mixed Platforms.Build.0 = Debug|Win32
		{798FC53D-6DA5-4634-8C4E-1CA2368F27EA}.DLL Debug|Win32.ActiveCfg = Debug|Win32
		{798FC53D-6DA5-4634-8C4E-1CA2368F27EA}.DLL Debug|Win32.Build.0 = Debug|Win32
		{798FC53D-6DA5-4634-8C4E-1CA2368F27EA}.DLL Debug|x64.ActiveCfg = Debug|Win32
		{798FC53D-6DA5-4634-8C4E-1CA2368F27EA}.DLL Debug|x86.ActiveCfg = Debug|Win32
		{798FC53D-6DA5-4634-8C4E-1CA2368F27EA}.DLL Debug|x86.Build.0 = Debug|Win32
		{798FC53D-6DA5-4634-8C4E-1CA2368F27EA}.DLL Release|Any CPU.ActiveCfg = Release|Win32
		{798FC53D-6DA5-4634-8C4E-1CA2368F27EA}.DLL Release|ARM.ActiveCfg = Release|Win32
		{798FC53D-6DA5-4634-8C4E-1CA2368F27EA}.DLL Release|Mixed Platforms.ActiveCfg = Release|Win32
		{798FC53D-6DA5-4634-8C4E-1CA2368F27EA}.DLL Release|Mixed Platforms.Build.0 = Release|Win32
		{798FC53D-6DA5-4634-8C4E-1CA2368F27EA}.DLL Release|Win32.ActiveCfg = Release|Win32
		{798FC53D-6DA5-4634-8C4E-1CA2368F27EA}.DLL Release|Win32.Build.0 = Release|Win32
		{798FC53D-6DA5-4634-8C4E-1CA2368F27EA}.DLL Release|x64.ActiveCfg = Release|Win32
		{798FC53D-6DA5-4634-8C4E-1CA2368F27EA}.DLL Release|x86.ActiveCfg = Release|Win32
		{798FC53D-6DA5-4634-8C4E-1CA2368F27EA}.DLL Release|x86.Build.0 = Release|Win32
		{798FC53D-6DA5-4634-8C4E-1CA2368F27EA}.DLL VB|Any CPU.ActiveCfg = Debug|Win32
		{798FC53D-6DA5-4634-8C4E-1CA2368F27EA}.DLL VB|ARM.ActiveCfg = Debug|Win32
		{798FC53D-6DA5-4634-8C4E-1CA2368F27EA}.DLL VB|Mixed Platforms.ActiveCfg = Debug|Win32
		{798FC53D-6DA5-4634-8C4E-1CA2368F27EA}.DLL VB|Mixed Platforms.Build.0 = Debug|Win32
		{798FC53D-6DA5-4634-8C4E-1CA2368F27EA}.DLL VB|Win32.ActiveCfg = Debug|Win32
		{798FC53D-6DA5-4634-8C4E-1CA2368F27EA}.DLL VB|Win32.Build.0 = Debug|Win32
		{798FC53D-6DA5-4634-8C4E-1CA2368F27EA}.DLL VB|x64.ActiveCfg = Debug|Win32
		{798FC53D-6DA5-4634-8C4E-1CA2368F27EA}.DLL VB|x86.ActiveCfg = Debug|Win32
		{798FC53D-6DA5-4634-8C4E-1CA2368F27EA}.DLL VB|x86.Build.0 = Debug|Win32
		{798FC53D-6DA5-4634-8C4E-1CA2368F27EA}.LIB ASM Debug|Any CPU.ActiveCfg = Debug|Win32
		{798FC53D-6DA5-4634-8C4E-1CA2368F27EA}.LIB ASM Debug|ARM.ActiveCfg = Debug|Win32
		{798FC53D-6DA5-4634-8C4E-1CA2368F27EA}.LIB ASM Debug|Mixed Platforms.ActiveCfg = Debug|Win32
		{798FC53D-6DA5-4634-8C4E-1CA2368F27EA}.LIB ASM Debug|Mixed Platforms.Build.0 = Debug|Win32
		{798FC53D-6DA5-4634-8C4E-1CA2368F27EA}.LIB ASM Debug|Win32.ActiveCfg = Debug|Win32
		{798FC53D-6DA5-4634-8C4E-1CA2368F27EA}.LIB ASM Debug|Win32.Build.0 = Debug|Win32
		{798FC53D-6DA5-4634-8C4E-1CA2368F27EA}.LIB ASM Debug|x64.ActiveCfg = Debug|Win32
		{798FC53D-6DA5-4634-8C4E-1CA2368F27EA}.LIB ASM Debug|x86.ActiveCfg = Debug|Win32
		{798FC53D-6DA5-4634-8C4E-1CA2368F27EA}.LIB ASM Debug|x86.Build.0 = Debug|Win32
		{798FC53D-6DA5-4634-8C4E-1CA2368F27EA}.LIB ASM Release|Any CPU.ActiveCfg = Release|Win32
		{798FC53D-6DA5-4634-8C4E-1CA2368F27EA}.LIB ASM Release|ARM.ActiveCfg = Release|Win32
		{798FC53D-6DA5-4634-8C4E-1CA2368F27EA}.LIB ASM Release|Mixed Platforms.ActiveCfg = Release|Win32
		{798FC53D-6DA5-4634-8C4E-1CA2368F27EA}.LIB ASM Release|Mixed Platforms.Build.0 = Release|Win32
		{798FC53D-6DA5-4634-8C4E-1CA2368F27EA}.LIB ASM Release|Win32.ActiveCfg = Release|Win32
		{798FC53D-6DA5-4634-8C4E-1CA2368F27EA}.LIB ASM Release|Win32.Build.0 = Release|Win32
		{798FC53D-6DA5-4634-8C4E-1CA2368F27EA}.LIB ASM Release|x64.ActiveCfg = Release|Win32
		{798FC53D-6DA5-4634-8C4E-1CA2368F27EA}.LIB ASM Release|x86.ActiveCfg = Release|Win32
		{798FC53D-6DA5-4634-8C4E-1CA2368F27EA}.LIB ASM Release|x86.Build.0 = Release|Win32
		{798FC53D-6DA5-4634-8C4E-1CA2368F27EA}.LIB Debug|Any CPU.ActiveCfg = Debug|Win32
		{798FC53D-6DA5-4634-8C4E-1CA2368F27EA}.LIB Debug|ARM.ActiveCfg = Debug|Win32
		{798FC53D-6DA5-4634-8C4E-1CA2368F27EA}.LIB Debug|Mixed Platforms.ActiveCfg = Debug|Win32
		{798FC53D-6DA5-4634-8C4E-1CA2368F27EA}.LIB Debug|Mixed Platforms.Build.0 = Debug|Win32
		{798FC53D-6DA5-4634-8C4E-1CA2368F27EA}.LIB Debug|Win32.ActiveCfg = Debug|Win32
		{798FC53D-6DA5-4634-8C4E-1CA2368F27EA}.LIB Debug|Win32.Build.0 = Debug|Win32
		{798FC53D-6DA5-4634-8C4E-1CA2368F27EA}.LIB Debug|x64.ActiveCfg = Debug|Win32
		{798FC53D-6DA5-4634-8C4E-1CA2368F27EA}.LIB Debug|x86.ActiveCfg = Debug|Win32
		{798FC53D-6DA5-4634-8C4E-1CA2368F27EA}.LIB Debug|x86.Build.0 = Debug|Win32
		{798FC53D-6DA5-4634-8C4E-1CA2368F27EA}.LIB Release|Any CPU.ActiveCfg = Release|Win32
		{798FC53D-6DA5-4634-8C4E-1CA2368F27EA}.LIB Release|ARM.ActiveCfg = Release|Win32
		{798FC53D-6DA5-4634-8C4E-1CA2368F27EA}.LIB Release|Mixed Platforms.ActiveCfg = Release|Win32
		{798FC53D-6DA5-4634-8C4E-1CA2368F27EA}.LIB Release|Mixed Platforms.Build.0 = Release|Win32
		{798FC53D-6DA5-4634-8C4E-1CA2368F27EA}.LIB Release|Win32.ActiveCfg = Release|Win32
		{798FC53D-6DA5-4634-8C4E-1CA2368F27EA}.LIB Release|Win32.Build.0 = Release|Win32
		{798FC53D-6DA5-4634-8C4E-1CA2368F27EA}.LIB Release|x64.ActiveCfg = Release|Win32
		{798FC53D-6DA5-4634-8C4E-1CA2368F27EA}.LIB Release|x86.ActiveCfg = Release|Win32
		{798FC53D-6DA5-4634-8C4E-1CA2368F27EA}.LIB Release|x86.Build.0 = Release|Win32
		{798FC53D-6DA5-4634-8C4E-1CA2368F27EA}.Release|Any CPU.ActiveCfg = Release|Win32
		{798FC53D-6DA5-4634-8C4E-1CA2368F27EA}.Release|ARM.ActiveCfg = Release|Win32
		{798FC53D-6DA5-4634-8C4E-1CA2368F27EA}.Release|Mixed Platforms.ActiveCfg = Release|Win32
		{798FC53D-6DA5-4634-8C4E-1CA2368F27EA}.Release|Mixed Platforms.Build.0 = Release|Win32
		{798FC53D-6DA5-4634-8C4E-1CA2368F27EA}.Release|Win32.ActiveCfg = Release|Win32
		{798FC53D-6DA5-4634-8C4E-1CA2368F27EA}.Release|Win32.Build.0 = Release|Win32
		{798FC53D-6DA5-4634-8C4E-1CA2368F27EA}.Release|x64.ActiveCfg = Release|Win32
		{798FC53D-6DA5-4634-8C4E-1CA2368F27EA}.Release|x86.ActiveCfg = Release|Win32
		{798FC53D-6DA5-4634-8C4E-1CA2368F27EA}.Release|x86.Build.0 = Release|Win32
		{FF4FF779-DF9F-4D35-BDC3-7BA97144E145}.Debug|Any CPU.ActiveCfg = DLL ASM Debug|Win32
		{FF4FF779-DF9F-4D35-BDC3-7BA97144E145}.Debug|ARM.ActiveCfg = DLL ASM Debug|ARM
		{FF4FF779-DF9F-4D35-BDC3-7BA97144E145}.Debug|ARM.Build.0 = DLL ASM Debug|ARM
		{FF4FF779-DF9F-4D35-BDC3-7BA97144E145}.Debug|Mixed Platforms.ActiveCfg = DLL ASM Debug|Win32
		{FF4FF779-DF9F-4D35-BDC3-7BA97144E145}.Debug|Mixed Platforms.Build.0 = DLL ASM Debug|Win32
		{FF4FF779-DF9F-4D35-BDC3-7BA97144E145}.Debug|Win32.ActiveCfg = DLL ASM Debug|Win32
		{FF4FF779-DF9F-4D35-BDC3-7BA97144E145}.Debug|Win32.Build.0 = DLL ASM Debug|Win32
		{FF4FF779-DF9F-4D35-BDC3-7BA97144E145}.Debug|x64.ActiveCfg = DLL ASM Debug|Win32
		{FF4FF779-DF9F-4D35-BDC3-7BA97144E145}.Debug|x86.ActiveCfg = DLL ASM Debug|Win32
		{FF4FF779-DF9F-4D35-BDC3-7BA97144E145}.Debug|x86.Build.0 = DLL ASM Debug|Win32
		{FF4FF779-DF9F-4D35-BDC3-7BA97144E145}.DLL ASM Debug|Any CPU.ActiveCfg = DLL ASM Debug|Win32
		{FF4FF779-DF9F-4D35-BDC3-7BA97144E145}.DLL ASM Debug|ARM.ActiveCfg = DLL ASM Debug|Win32
		{FF4FF779-DF9F-4D35-BDC3-7BA97144E145}.DLL ASM Debug|Mixed Platforms.ActiveCfg = DLL ASM Debug|Win32
		{FF4FF779-DF9F-4D35-BDC3-7BA97144E145}.DLL ASM Debug|Mixed Platforms.Build.0 = DLL ASM Debug|Win32
		{FF4FF779-DF9F-4D35-BDC3-7BA97144E145}.DLL ASM Debug|Win32.ActiveCfg = DLL ASM Debug|Win32
		{FF4FF779-DF9F-4D35-BDC3-7BA97144E145}.DLL ASM Debug|Win32.Build.0 = DLL ASM Debug|Win32
		{FF4FF779-DF9F-4D35-BDC3-7BA97144E145}.DLL ASM Debug|x64.ActiveCfg = DLL ASM Debug|Win32
		{FF4FF779-DF9F-4D35-BDC3-7BA97144E145}.DLL ASM Debug|x86.ActiveCfg = DLL ASM Debug|Win32
		{FF4FF779-DF9F-4D35-BDC3-7BA97144E145}.DLL ASM Debug|x86.Build.0 = DLL ASM Debug|Win32
		{FF4FF779-DF9F-4D35-BDC3-7BA97144E145}.DLL ASM Release|Any CPU.ActiveCfg = DLL ASM Release|Win32
		{FF4FF779-DF9F-4D35-BDC3-7BA97144E145}.DLL ASM Release|ARM.ActiveCfg = DLL ASM Release|Win32
		{FF4FF779-DF9F-4D35-BDC3-7BA97144E145}.DLL ASM Release|Mixed Platforms.ActiveCfg = DLL ASM Release|Win32
		{FF4FF779-DF9F-4D35-BDC3-7BA97144E145}.DLL ASM Release|Mixed Platforms.Build.0 = DLL ASM Release|Win32
		{FF4FF779-DF9F-4D35-BDC3-7BA97144E145}.DLL ASM Release|Win32.ActiveCfg = DLL ASM Release|Win32
		{FF4FF779-DF9F-4D35-BDC3-7BA97144E145}.DLL ASM Release|Win32.Build.0 = DLL ASM Release|Win32
		{FF4FF779-DF9F-4D35-BDC3-7BA97144E145}.DLL ASM Release|x64.ActiveCfg = DLL ASM Release|Win32
		{FF4FF779-DF9F-4D35-BDC3-7BA97144E145}.DLL ASM Release|x86.ActiveCfg = DLL ASM Release|Win32
		{FF4FF779-DF9F-4D35-BDC3-7BA97144E145}.DLL ASM Release|x86.Build.0 = DLL ASM Release|Win32
		{FF4FF779-DF9F-4D35-BDC3-7BA97144E145}.DLL Debug|Any CPU.ActiveCfg = DLL Debug|Win32
		{FF4FF779-DF9F-4D35-BDC3-7BA97144E145}.DLL Debug|ARM.ActiveCfg = DLL Debug|Win32
		{FF4FF779-DF9F-4D35-BDC3-7BA97144E145}.DLL Debug|Mixed Platforms.ActiveCfg = DLL Debug|Win32
		{FF4FF779-DF9F-4D35-BDC3-7BA97144E145}.DLL Debug|Mixed Platforms.Build.0 = DLL Debug|Win32
		{FF4FF779-DF9F-4D35-BDC3-7BA97144E145}.DLL Debug|Win32.ActiveCfg = DLL Debug|Win32
		{FF4FF779-DF9F-4D35-BDC3-7BA97144E145}.DLL Debug|Win32.Build.0 = DLL Debug|Win32
		{FF4FF779-DF9F-4D35-BDC3-7BA97144E145}.DLL Debug|x64.ActiveCfg = DLL Debug|Win32
		{FF4FF779-DF9F-4D35-BDC3-7BA97144E145}.DLL Debug|x86.ActiveCfg = DLL Debug|Win32
		{FF4FF779-DF9F-4D35-BDC3-7BA97144E145}.DLL Debug|x86.Build.0 = DLL Debug|Win32
		{FF4FF779-DF9F-4D35-BDC3-7BA97144E145}.DLL Release|Any CPU.ActiveCfg = DLL Release|Win32
		{FF4FF779-DF9F-4D35-BDC3-7BA97144E145}.DLL Release|ARM.ActiveCfg = DLL Release|Win32
		{FF4FF779-DF9F-4D35-BDC3-7BA97144E145}.DLL Release|Mixed Platforms.ActiveCfg = DLL Release|Win32
		{FF4FF779-DF9F-4D35-BDC3-7BA97144E145}.DLL Release|Mixed Platforms.Build.0 = DLL Release|Win32
		{FF4FF779-DF9F-4D35-BDC3-7BA97144E145}.DLL Release|Win32.ActiveCfg = DLL Release|Win32
		{FF4FF779-DF9F-4D35-BDC3-7BA97144E145}.DLL Release|Win32.Build.0 = DLL Release|Win32
		{FF4FF779-DF9F-4D35-BDC3-7BA97144E145}.DLL Release|x64.ActiveCfg = DLL Release|Win32
		{FF4FF779-DF9F-4D35-BDC3-7BA97144E145}.DLL Release|x86.ActiveCfg = DLL Release|Win32
		{FF4FF779-DF9F-4D35-BDC3-7BA97144E145}.DLL Release|x86.Build.0 = DLL Release|Win32
		{FF4FF779-DF9F-4D35-BDC3-7BA97144E145}.DLL VB|Any CPU.ActiveCfg = DLL VB|Win32
		{FF4FF779-DF9F-4D35-BDC3-7BA97144E145}.DLL VB|ARM.ActiveCfg = DLL VB|Win32
		{FF4FF779-DF9F-4D35-BDC3-7BA97144E145}.DLL VB|Mixed Platforms.ActiveCfg = DLL VB|Win32
		{FF4FF779-DF9F-4D35-BDC3-7BA97144E145}.DLL VB|Mixed Platforms.Build.0 = DLL VB|Win32
		{FF4FF779-DF9F-4D35-BDC3-7BA97144E145}.DLL VB|Win32.ActiveCfg = DLL VB|Win32
		{FF4FF779-DF9F-4D35-BDC3-7BA97144E145}.DLL VB|Win32.Build.0 = DLL VB|Win32
		{FF4FF779-DF9F-4D35-BDC3-7BA97144E145}.DLL VB|x64.ActiveCfg = DLL VB|Win32
		{FF4FF779-DF9F-4D35-BDC3-7BA97144E145}.DLL VB|x86.ActiveCfg = DLL VB|Win32
		{FF4FF779-DF9F-4D35-BDC3-7BA97144E145}.DLL VB|x86.Build.0 = DLL VB|Win32
		{FF4FF779-DF9F-4D35-BDC3-7BA97144E145}.LIB ASM Debug|Any CPU.ActiveCfg = LIB ASM Debug|Win32
		{FF4FF779-DF9F-4D35-BDC3-7BA97144E145}.LIB ASM Debug|ARM.ActiveCfg = LIB ASM Debug|Win32
		{FF4FF779-DF9F-4D35-BDC3-7BA97144E145}.LIB ASM Debug|Mixed Platforms.ActiveCfg = LIB ASM Debug|Win32
		{FF4FF779-DF9F-4D35-BDC3-7BA97144E145}.LIB ASM Debug|Mixed Platforms.Build.0 = LIB ASM Debug|Win32
		{FF4FF779-DF9F-4D35-BDC3-7BA97144E145}.LIB ASM Debug|Win32.ActiveCfg = LIB ASM Debug|Win32
		{FF4FF779-DF9F-4D35-BDC3-7BA97144E145}.LIB ASM Debug|Win32.Build.0 = LIB ASM Debug|Win32
		{FF4FF779-DF9F-4D35-BDC3-7BA97144E145}.LIB ASM Debug|x64.ActiveCfg = LIB ASM Debug|Win32
		{FF4FF779-DF9F-4D35-BDC3-7BA97144E145}.LIB ASM Debug|x86.ActiveCfg = LIB ASM Debug|Win32
		{FF4FF779-DF9F-4D35-BDC3-7BA97144E145}.LIB ASM Debug|x86.Build.0 = LIB ASM Debug|Win32
		{FF4FF779-DF9F-4D35-BDC3-7BA97144E145}.LIB ASM Release|Any CPU.ActiveCfg = LIB ASM Release|Win32
		{FF4FF779-DF9F-4D35-BDC3-7BA97144E145}.LIB ASM Release|ARM.ActiveCfg = LIB ASM Release|Win32
		{FF4FF779-DF9F-4D35-BDC3-7BA97144E145}.LIB ASM Release|Mixed Platforms.ActiveCfg = LIB ASM Release|Win32
		{FF4FF779-DF9F-4D35-BDC3-7BA97144E145}.LIB ASM Release|Mixed Platforms.Build.0 = LIB ASM Release|Win32
		{FF4FF779-DF9F-4D35-BDC3-7BA97144E145}.LIB ASM Release|Win32.ActiveCfg = LIB ASM Release|Win32
		{FF4FF779-DF9F-4D35-BDC3-7BA97144E145}.LIB ASM Release|Win32.Build.0 = LIB ASM Release|Win32
		{FF4FF779-DF9F-4D35-BDC3-7BA97144E145}.LIB ASM Release|x64.ActiveCfg = LIB ASM Release|Win32
		{FF4FF779-DF9F-4D35-BDC3-7BA97144E145}.LIB ASM Release|x86.ActiveCfg = LIB ASM Release|Win32
		{FF4FF779-DF9F-4D35-BDC3-7BA97144E145}.LIB ASM Release|x86.Build.0 = LIB ASM Release|Win32
		{FF4FF779-DF9F-4D35-BDC3-7BA97144E145}.LIB Debug|Any CPU.ActiveCfg = LIB Debug|Win32
		{FF4FF779-DF9F-4D35-BDC3-7BA97144E145}.LIB Debug|ARM.ActiveCfg = LIB Debug|Win32
		{FF4FF779-DF9F-4D35-BDC3-7BA97144E145}.LIB Debug|Mixed Platforms.ActiveCfg = LIB Debug|Win32
		{FF4FF779-DF9F-4D35-BDC3-7BA97144E145}.LIB Debug|Mixed Platforms.Build.0 = LIB Debug|Win32
		{FF4FF779-DF9F-4D35-BDC3-7BA97144E145}.LIB Debug|Win32.ActiveCfg = LIB Debug|Win32
		{FF4FF779-DF9F-4D35-BDC3-7BA97144E145}.LIB Debug|Win32.Build.0 = LIB Debug|Win32
		{FF4FF779-DF9F-4D35-BDC3-7BA97144E145}.LIB Debug|x64.ActiveCfg = LIB Debug|Win32
		{FF4FF779-DF9F-4D35-BDC3-7BA97144E145}.LIB Debug|x86.ActiveCfg = LIB Debug|Win32
		{FF4FF779-DF9F-4D35-BDC3-7BA97144E145}.LIB Debug|x86.Build.0 = LIB Debug|Win32
		{FF4FF779-DF9F-4D35-BDC3-7BA97144E145}.LIB Release|Any CPU.ActiveCfg = LIB Release|Win32
		{FF4FF779-DF9F-4D35-BDC3-7BA97144E145}.LIB Release|ARM.ActiveCfg = LIB Release|Win32
		{FF4FF779-DF9F-4D35-BDC3-7BA97144E145}.LIB Release|Mixed Platforms.ActiveCfg = LIB Release|Win32
		{FF4FF779-DF9F-4D35-BDC3-7BA97144E145}.LIB Release|Mixed Platforms.Build.0 = LIB Release|Win32
		{FF4FF779-DF9F-4D35-BDC3-7BA97144E145}.LIB Release|Win32.ActiveCfg = LIB Release|Win32
		{FF4FF779-DF9F-4D35-BDC3-7BA97144E145}.LIB Release|Win32.Build.0 = LIB Release|Win32
		{FF4FF779-DF9F-4D35-BDC3-7BA97144E145}.LIB Release|x64.ActiveCfg = LIB Release|Win32
		{FF4FF779-DF9F-4D35-BDC3-7BA97144E145}.LIB Release|x86.ActiveCfg = LIB Release|Win32
		{FF4FF779-DF9F-4D35-BDC3-7BA97144E145}.LIB Release|x86.Build.0 = LIB Release|Win32
		{FF4FF779-DF9F-4D35-BDC3-7BA97144E145}.Release|Any CPU.ActiveCfg = LIB Release|Win32
		{FF4FF779-DF9F-4D35-BDC3-7BA97144E145}.Release|ARM.ActiveCfg = LIB Release|Win32
		{FF4FF779-DF9F-4D35-BDC3-7BA97144E145}.Release|Mixed Platforms.ActiveCfg = LIB Release|Win32
		{FF4FF779-DF9F-4D35-BDC3-7BA97144E145}.Release|Mixed Platforms.Build.0 = LIB Release|Win32
		{FF4FF779-DF9F-4D35-BDC3-7BA97144E145}.Release|Win32.ActiveCfg = LIB Release|Win32
		{FF4FF779-DF9F-4D35-BDC3-7BA97144E145}.Release|Win32.Build.0 = LIB Release|Win32
		{FF4FF779-DF9F-4D35-BDC3-7BA97144E145}.Release|x64.ActiveCfg = LIB Release|Win32
		{FF4FF779-DF9F-4D35-BDC3-7BA97144E145}.Release|x86.ActiveCfg = LIB Release|Win32
		{FF4FF779-DF9F-4D35-BDC3-7BA97144E145}.Release|x86.Build.0 = LIB Release|Win32
		{E0B52AE7-E160-4D32-BF3F-910B785E5A8E}.Debug|Any CPU.ActiveCfg = Debug|Win32
		{E0B52AE7-E160-4D32-BF3F-910B785E5A8E}.Debug|ARM.ActiveCfg = Debug|ARM
		{E0B52AE7-E160-4D32-BF3F-910B785E5A8E}.Debug|ARM.Build.0 = Debug|ARM
		{E0B52AE7-E160-4D32-BF3F-910B785E5A8E}.Debug|Mixed Platforms.ActiveCfg = Debug|Win32
		{E0B52AE7-E160-4D32-BF3F-910B785E5A8E}.Debug|Mixed Platforms.Build.0 = Debug|Win32
		{E0B52AE7-E160-4D32-BF3F-910B785E5A8E}.Debug|Win32.ActiveCfg = Debug|Win32
		{E0B52AE7-E160-4D32-BF3F-910B785E5A8E}.Debug|Win32.Build.0 = Debug|Win32
		{E0B52AE7-E160-4D32-BF3F-910B785E5A8E}.Debug|x64.ActiveCfg = Debug|Win32
		{E0B52AE7-E160-4D32-BF3F-910B785E5A8E}.Debug|x86.ActiveCfg = Debug|Win32
		{E0B52AE7-E160-4D32-BF3F-910B785E5A8E}.Debug|x86.Build.0 = Debug|Win32
		{E0B52AE7-E160-4D32-BF3F-910B785E5A8E}.DLL ASM Debug|Any CPU.ActiveCfg = Debug|Win32
		{E0B52AE7-E160-4D32-BF3F-910B785E5A8E}.DLL ASM Debug|ARM.ActiveCfg = Debug|ARM
		{E0B52AE7-E160-4D32-BF3F-910B785E5A8E}.DLL ASM Debug|ARM.Build.0 = Debug|ARM
		{E0B52AE7-E160-4D32-BF3F-910B785E5A8E}.DLL ASM Debug|Mixed Platforms.ActiveCfg = Debug|Win32
		{E0B52AE7-E160-4D32-BF3F-910B785E5A8E}.DLL ASM Debug|Mixed Platforms.Build.0 = Debug|Win32
		{E0B52AE7-E160-4D32-BF3F-910B785E5A8E}.DLL ASM Debug|Win32.ActiveCfg = Debug|Win32
		{E0B52AE7-E160-4D32-BF3F-910B785E5A8E}.DLL ASM Debug|Win32.Build.0 = Debug|Win32
		{E0B52AE7-E160-4D32-BF3F-910B785E5A8E}.DLL ASM Debug|x64.ActiveCfg = Debug|Win32
		{E0B52AE7-E160-4D32-BF3F-910B785E5A8E}.DLL ASM Debug|x86.ActiveCfg = Debug|Win32
		{E0B52AE7-E160-4D32-BF3F-910B785E5A8E}.DLL ASM Debug|x86.Build.0 = Debug|Win32
		{E0B52AE7-E160-4D32-BF3F-910B785E5A8E}.DLL ASM Release|Any CPU.ActiveCfg = Release|Win32
		{E0B52AE7-E160-4D32-BF3F-910B785E5A8E}.DLL ASM Release|ARM.ActiveCfg = Release|ARM
		{E0B52AE7-E160-4D32-BF3F-910B785E5A8E}.DLL ASM Release|ARM.Build.0 = Release|ARM
		{E0B52AE7-E160-4D32-BF3F-910B785E5A8E}.DLL ASM Release|Mixed Platforms.ActiveCfg = Release|Win32
		{E0B52AE7-E160-4D32-BF3F-910B785E5A8E}.DLL ASM Release|Mixed Platforms.Build.0 = Release|Win32
		{E0B52AE7-E160-4D32-BF3F-910B785E5A8E}.DLL ASM Release|Win32.ActiveCfg = Release|Win32
		{E0B52AE7-E160-4D32-BF3F-910B785E5A8E}.DLL ASM Release|Win32.Build.0 = Release|Win32
		{E0B52AE7-E160-4D32-BF3F-910B785E5A8E}.DLL ASM Release|x64.ActiveCfg = Release|Win32
		{E0B52AE7-E160-4D32-BF3F-910B785E5A8E}.DLL ASM Release|x86.ActiveCfg = Release|Win32
		{E0B52AE7-E160-4D32-BF3F-910B785E5A8E}.DLL ASM Release|x86.Build.0 = Release|Win32
		{E0B52AE7-E160-4D32-BF3F-910B785E5A8E}.DLL Debug|Any CPU.ActiveCfg = Debug|Win32
		{E0B52AE7-E160-4D32-BF3F-910B785E5A8E}.DLL Debug|ARM.ActiveCfg = Debug|ARM
		{E0B52AE7-E160-4D32-BF3F-910B785E5A8E}.DLL Debug|ARM.Build.0 = Debug|ARM
		{E0B52AE7-E160-4D32-BF3F-910B785E5A8E}.DLL Debug|Mixed Platforms.ActiveCfg = Debug|Win32
		{E0B52AE7-E160-4D32-BF3F-910B785E5A8E}.DLL Debug|Mixed Platforms.Build.0 = Debug|Win32
		{E0B52AE7-E160-4D32-BF3F-910B785E5A8E}.DLL Debug|Win32.ActiveCfg = Debug|Win32
		{E0B52AE7-E160-4D32-BF3F-910B785E5A8E}.DLL Debug|Win32.Build.0 = Debug|Win32
		{E0B52AE7-E160-4D32-BF3F-910B785E5A8E}.DLL Debug|x64.ActiveCfg = Debug|Win32
		{E0B52AE7-E160-4D32-BF3F-910B785E5A8E}.DLL Debug|x86.ActiveCfg = Debug|Win32
		{E0B52AE7-E160-4D32-BF3F-910B785E5A8E}.DLL Debug|x86.Build.0 = Debug|Win32
		{E0B52AE7-E160-4D32-BF3F-910B785E5A8E}.DLL Release|Any CPU.ActiveCfg = Release|Win32
		{E0B52AE7-E160-4D32-BF3F-910B785E5A8E}.DLL Release|ARM.ActiveCfg = Release|ARM
		{E0B52AE7-E160-4D32-BF3F-910B785E5A8E}.DLL Release|ARM.Build.0 = Release|ARM
		{E0B52AE7-E160-4D32-BF3F-910B785E5A8E}.DLL Release|Mixed Platforms.ActiveCfg = Release|Win32
		{E0B52AE7-E160-4D32-BF3F-910B785E5A8E}.DLL Release|Mixed Platforms.Build.0 = Release|Win32
		{E0B52AE7-E160-4D32-BF3F-910B785E5A8E}.DLL Release|Win32.ActiveCfg = Release|Win32
		{E0B52AE7-E160-4D32-BF3F-910B785E5A8E}.DLL Release|Win32.Build.0 = Release|Win32
		{E0B52AE7-E160-4D32-BF3F-910B785E5A8E}.DLL Release|x64.ActiveCfg = Release|Win32
		{E0B52AE7-E160-4D32-BF3F-910B785E5A8E}.DLL Release|x86.ActiveCfg = Release|Win32
		{E0B52AE7-E160-4D32-BF3F-910B785E5A8E}.DLL Release|x86.Build.0 = Release|Win32
		{E0B52AE7-E160-4D32-BF3F-910B785E5A8E}.DLL VB|Any CPU.ActiveCfg = Debug|Win32
		{E0B52AE7-E160-4D32-BF3F-910B785E5A8E}.DLL VB|ARM.ActiveCfg = Debug|ARM
		{E0B52AE7-E160-4D32-BF3F-910B785E5A8E}.DLL VB|ARM.Build.0 = Debug|ARM
		{E0B52AE7-E160-4D32-BF3F-910B785E5A8E}.DLL VB|Mixed Platforms.ActiveCfg = Debug|Win32
		{E0B52AE7-E160-4D32-BF3F-910B785E5A8E}.DLL VB|Mixed Platforms.Build.0 = Debug|Win32
		{E0B52AE7-E160-4D32-BF3F-910B785E5A8E}.DLL VB|Win32.ActiveCfg = Debug|Win32
		{E0B52AE7-E160-4D32-BF3F-910B785E5A8E}.DLL VB|Win32.Build.0 = Debug|Win32
		{E0B52AE7-E160-4D32-BF3F-910B785E5A8E}.DLL VB|x64.ActiveCfg = Debug|Win32
		{E0B52AE7-E160-4D32-BF3F-910B785E5A8E}.DLL VB|x86.ActiveCfg = Debug|Win32
		{E0B52AE7-E160-4D32-BF3F-910B785E5A8E}.DLL VB|x86.Build.0 = Debug|Win32
		{E0B52AE7-E160-4D32-BF3F-910B785E5A8E}.LIB ASM Debug|Any CPU.ActiveCfg = Debug|Win32
		{E0B52AE7-E160-4D32-BF3F-910B785E5A8E}.LIB ASM Debug|ARM.ActiveCfg = Debug|ARM
		{E0B52AE7-E160-4D32-BF3F-910B785E5A8E}.LIB ASM Debug|ARM.Build.0 = Debug|ARM
		{E0B52AE7-E160-4D32-BF3F-910B785E5A8E}.LIB ASM Debug|Mixed Platforms.ActiveCfg = Debug|Win32
		{E0B52AE7-E160-4D32-BF3F-910B785E5A8E}.LIB ASM Debug|Mixed Platforms.Build.0 = Debug|Win32
		{E0B52AE7-E160-4D32-BF3F-910B785E5A8E}.LIB ASM Debug|Win32.ActiveCfg = Debug|Win32
		{E0B52AE7-E160-4D32-BF3F-910B785E5A8E}.LIB ASM Debug|Win32.Build.0 = Debug|Win32
		{E0B52AE7-E160-4D32-BF3F-910B785E5A8E}.LIB ASM Debug|x64.ActiveCfg = Debug|Win32
		{E0B52AE7-E160-4D32-BF3F-910B785E5A8E}.LIB ASM Debug|x86.ActiveCfg = Debug|Win32
		{E0B52AE7-E160-4D32-BF3F-910B785E5A8E}.LIB ASM Debug|x86.Build.0 = Debug|Win32
		{E0B52AE7-E160-4D32-BF3F-910B785E5A8E}.LIB ASM Release|Any CPU.ActiveCfg = Release|Win32
		{E0B52AE7-E160-4D32-BF3F-910B785E5A8E}.LIB ASM Release|ARM.ActiveCfg = Release|ARM
		{E0B52AE7-E160-4D32-BF3F-910B785E5A8E}.LIB ASM Release|ARM.Build.0 = Release|ARM
		{E0B52AE7-E160-4D32-BF3F-910B785E5A8E}.LIB ASM Release|Mixed Platforms.ActiveCfg = Release|Win32
		{E0B52AE7-E160-4D32-BF3F-910B785E5A8E}.LIB ASM Release|Mixed Platforms.Build.0 = Release|Win32
		{E0B52AE7-E160-4D32-BF3F-910B785E5A8E}.LIB ASM Release|Win32.ActiveCfg = Release|Win32
		{E0B52AE7-E160-4D32-BF3F-910B785E5A8E}.LIB ASM Release|Win32.Build.0 = Release|Win32
		{E0B52AE7-E160-4D32-BF3F-910B785E5A8E}.LIB ASM Release|x64.ActiveCfg = Release|Win32
		{E0B52AE7-E160-4D32-BF3F-910B785E5A8E}.LIB ASM Release|x86.ActiveCfg = Release|Win32
		{E0B52AE7-E160-4D32-BF3F-910B785E5A8E}.LIB ASM Release|x86.Build.0 = Release|Win32
		{E0B52AE7-E160-4D32-BF3F-910B785E5A8E}.LIB Debug|Any CPU.ActiveCfg = Debug|Win32
		{E0B52AE7-E160-4D32-BF3F-910B785E5A8E}.LIB Debug|ARM.ActiveCfg = Debug|ARM
		{E0B52AE7-E160-4D32-BF3F-910B785E5A8E}.LIB Debug|ARM.Build.0 = Debug|ARM
		{E0B52AE7-E160-4D32-BF3F-910B785E5A8E}.LIB Debug|Mixed Platforms.ActiveCfg = Debug|Win32
		{E0B52AE7-E160-4D32-BF3F-910B785E5A8E}.LIB Debug|Mixed Platforms.Build.0 = Debug|Win32
		{E0B52AE7-E160-4D32-BF3F-910B785E5A8E}.LIB Debug|Win32.ActiveCfg = Debug|Win32
		{E0B52AE7-E160-4D32-BF3F-910B785E5A8E}.LIB Debug|Win32.Build.0 = Debug|Win32
		{E0B52AE7-E160-4D32-BF3F-910B785E5A8E}.LIB Debug|x64.ActiveCfg = Debug|Win32
		{E0B52AE7-E160-4D32-BF3F-910B785E5A8E}.LIB Debug|x86.ActiveCfg = Debug|Win32
		{E0B52AE7-E160-4D32-BF3F-910B785E5A8E}.LIB Debug|x86.Build.0 = Debug|Win32
		{E0B52AE7-E160-4D32-BF3F-910B785E5A8E}.LIB Release|Any CPU.ActiveCfg = Release|Win32
		{E0B52AE7-E160-4D32-BF3F-910B785E5A8E}.LIB Release|ARM.ActiveCfg = Release|ARM
		{E0B52AE7-E160-4D32-BF3F-910B785E5A8E}.LIB Release|ARM.Build.0 = Release|ARM
		{E0B52AE7-E160-4D32-BF3F-910B785E5A8E}.LIB Release|Mixed Platforms.ActiveCfg = Release|Win32
		{E0B52AE7-E160-4D32-BF3F-910B785E5A8E}.LIB Release|Mixed Platforms.Build.0 = Release|Win32
		{E0B52AE7-E160-4D32-BF3F-910B785E5A8E}.LIB Release|Win32.ActiveCfg = Release|Win32
		{E0B52AE7-E160-4D32-BF3F-910B785E5A8E}.LIB Release|Win32.Build.0 = Release|Win32
		{E0B52AE7-E160-4D32-BF3F-910B785E5A8E}.LIB Release|x64.ActiveCfg = Release|Win32
		{E0B52AE7-E160-4D32-BF3F-910B785E5A8E}.LIB Release|x86.ActiveCfg = Release|Win32
		{E0B52AE7-E160-4D32-BF3F-910B785E5A8E}.LIB Release|x86.Build.0 = Release|Win32
		{E0B52AE7-E160-4D32-BF3F-910B785E5A8E}.Release|Any CPU.ActiveCfg = Release|Win32
		{E0B52AE7-E160-4D32-BF3F-910B785E5A8E}.Release|ARM.ActiveCfg = Release|ARM
		{E0B52AE7-E160-4D32-BF3F-910B785E5A8E}.Release|ARM.Build.0 = Release|ARM
		{E0B52AE7-E160-4D32-BF3F-910B785E5A8E}.Release|Mixed Platforms.ActiveCfg = Release|Win32
		{E0B52AE7-E160-4D32-BF3F-910B785E5A8E}.Release|Mixed Platforms.Build.0 = Release|Win32
		{E0B52AE7-E160-4D32-BF3F-910B785E5A8E}.Release|Win32.ActiveCfg = Release|Win32
		{E0B52AE7-E160-4D32-BF3F-910B785E5A8E}.Release|Win32.Build.0 = Release|Win32
		{E0B52AE7-E160-4D32-BF3F-910B785E5A8E}.Release|x64.ActiveCfg = Release|Win32
		{E0B52AE7-E160-4D32-BF3F-910B785E5A8E}.Release|x86.ActiveCfg = Release|Win32
		{E0B52AE7-E160-4D32-BF3F-910B785E5A8E}.Release|x86.Build.0 = Release|Win32
		{98400D17-43A5-1A40-95BE-C53AC78E7694}.Debug|Any CPU.ActiveCfg = Debug|Win32
		{98400D17-43A5-1A40-95BE-C53AC78E7694}.Debug|ARM.ActiveCfg = Debug|ARM
		{98400D17-43A5-1A40-95BE-C53AC78E7694}.Debug|ARM.Build.0 = Debug|ARM
		{98400D17-43A5-1A40-95BE-C53AC78E7694}.Debug|Mixed Platforms.ActiveCfg = Debug|Win32
		{98400D17-43A5-1A40-95BE-C53AC78E7694}.Debug|Mixed Platforms.Build.0 = Debug|Win32
		{98400D17-43A5-1A40-95BE-C53AC78E7694}.Debug|Win32.ActiveCfg = Debug|Win32
		{98400D17-43A5-1A40-95BE-C53AC78E7694}.Debug|Win32.Build.0 = Debug|Win32
		{98400D17-43A5-1A40-95BE-C53AC78E7694}.Debug|x64.ActiveCfg = Debug|x64
		{98400D17-43A5-1A40-95BE-C53AC78E7694}.Debug|x64.Build.0 = Debug|x64
		{98400D17-43A5-1A40-95BE-C53AC78E7694}.Debug|x86.ActiveCfg = Debug|Win32
		{98400D17-43A5-1A40-95BE-C53AC78E7694}.Debug|x86.Build.0 = Debug|Win32
		{98400D17-43A5-1A40-95BE-C53AC78E7694}.DLL ASM Debug|Any CPU.ActiveCfg = Debug|Win32
		{98400D17-43A5-1A40-95BE-C53AC78E7694}.DLL ASM Debug|ARM.ActiveCfg = Debug|Win32
		{98400D17-43A5-1A40-95BE-C53AC78E7694}.DLL ASM Debug|Mixed Platforms.ActiveCfg = Debug|Win32
		{98400D17-43A5-1A40-95BE-C53AC78E7694}.DLL ASM Debug|Mixed Platforms.Build.0 = Debug|Win32
		{98400D17-43A5-1A40-95BE-C53AC78E7694}.DLL ASM Debug|Win32.ActiveCfg = Debug|Win32
		{98400D17-43A5-1A40-95BE-C53AC78E7694}.DLL ASM Debug|Win32.Build.0 = Debug|Win32
		{98400D17-43A5-1A40-95BE-C53AC78E7694}.DLL ASM Debug|x64.ActiveCfg = Debug|x64
		{98400D17-43A5-1A40-95BE-C53AC78E7694}.DLL ASM Debug|x64.Build.0 = Debug|x64
		{98400D17-43A5-1A40-95BE-C53AC78E7694}.DLL ASM Debug|x86.ActiveCfg = Debug|Win32
		{98400D17-43A5-1A40-95BE-C53AC78E7694}.DLL ASM Debug|x86.Build.0 = Debug|Win32
		{98400D17-43A5-1A40-95BE-C53AC78E7694}.DLL ASM Release|Any CPU.ActiveCfg = Release|Win32
		{98400D17-43A5-1A40-95BE-C53AC78E7694}.DLL ASM Release|ARM.ActiveCfg = Release|Win32
		{98400D17-43A5-1A40-95BE-C53AC78E7694}.DLL ASM Release|Mixed Platforms.ActiveCfg = Release|Win32
		{98400D17-43A5-1A40-95BE-C53AC78E7694}.DLL ASM Release|Mixed Platforms.Build.0 = Release|Win32
		{98400D17-43A5-1A40-95BE-C53AC78E7694}.DLL ASM Release|Win32.ActiveCfg = Release|Win32
		{98400D17-43A5-1A40-95BE-C53AC78E7694}.DLL ASM Release|Win32.Build.0 = Release|Win32
		{98400D17-43A5-1A40-95BE-C53AC78E7694}.DLL ASM Release|x64.ActiveCfg = Release|x64
		{98400D17-43A5-1A40-95BE-C53AC78E7694}.DLL ASM Release|x64.Build.0 = Release|x64
		{98400D17-43A5-1A40-95BE-C53AC78E7694}.DLL ASM Release|x86.ActiveCfg = Release|Win32
		{98400D17-43A5-1A40-95BE-C53AC78E7694}.DLL ASM Release|x86.Build.0 = Release|Win32
		{98400D17-43A5-1A40-95BE-C53AC78E7694}.DLL Debug|Any CPU.ActiveCfg = Debug|Win32
		{98400D17-43A5-1A40-95BE-C53AC78E7694}.DLL Debug|ARM.ActiveCfg = Debug|Win32
		{98400D17-43A5-1A40-95BE-C53AC78E7694}.DLL Debug|Mixed Platforms.ActiveCfg = Debug|Win32
		{98400D17-43A5-1A40-95BE-C53AC78E7694}.DLL Debug|Mixed Platforms.Build.0 = Debug|Win32
		{98400D17-43A5-1A40-95BE-C53AC78E7694}.DLL Debug|Win32.ActiveCfg = Debug|Win32
		{98400D17-43A5-1A40-95BE-C53AC78E7694}.DLL Debug|Win32.Build.0 = Debug|Win32
		{98400D17-43A5-1A40-95BE-C53AC78E7694}.DLL Debug|x64.ActiveCfg = Debug|x64
		{98400D17-43A5-1A40-95BE-C53AC78E7694}.DLL Debug|x64.Build.0 = Debug|x64
		{98400D17-43A5-1A40-95BE-C53AC78E7694}.DLL Debug|x86.ActiveCfg = Debug|Win32
		{98400D17-43A5-1A40-95BE-C53AC78E7694}.DLL Debug|x86.Build.0 = Debug|Win32
		{98400D17-43A5-1A40-95BE-C53AC78E7694}.DLL Release|Any CPU.ActiveCfg = Release|Win32
		{98400D17-43A5-1A40-95BE-C53AC78E7694}.DLL Release|ARM.ActiveCfg = Release|Win32
		{98400D17-43A5-1A40-95BE-C53AC78E7694}.DLL Release|Mixed Platforms.ActiveCfg = Release|Win32
		{98400D17-43A5-1A40-95BE-C53AC78E7694}.DLL Release|Mixed Platforms.Build.0 = Release|Win32
		{98400D17-43A5-1A40-95BE-C53AC78E7694}.DLL Release|Win32.ActiveCfg = Release|Win32
		{98400D17-43A5-1A40-95BE-C53AC78E7694}.DLL Release|Win32.Build.0 = Release|Win32
		{98400D17-43A5-1A40-95BE-C53AC78E7694}.DLL Release|x64.ActiveCfg = Release|x64
		{98400D17-43A5-1A40-95BE-C53AC78E7694}.DLL Release|x64.Build.0 = Release|x64
		{98400D17-43A5-1A40-95BE-C53AC78E7694}.DLL Release|x86.ActiveCfg = Release|Win32
		{98400D17-43A5-1A40-95BE-C53AC78E7694}.DLL Release|x86.Build.0 = Release|Win32
		{98400D17-43A5-1A40-95BE-C53AC78E7694}.DLL VB|Any CPU.ActiveCfg = Debug|Win32
		{98400D17-43A5-1A40-95BE-C53AC78E7694}.DLL VB|ARM.ActiveCfg = Debug|Win32
		{98400D17-43A5-1A40-95BE-C53AC78E7694}.DLL VB|Mixed Platforms.ActiveCfg = Debug|Win32
		{98400D17-43A5-1A40-95BE-C53AC78E7694}.DLL VB|Mixed Platforms.Build.0 = Debug|Win32
		{98400D17-43A5-1A40-95BE-C53AC78E7694}.DLL VB|Win32.ActiveCfg = Debug|Win32
		{98400D17-43A5-1A40-95BE-C53AC78E7694}.DLL VB|Win32.Build.0 = Debug|Win32
		{98400D17-43A5-1A40-95BE-C53AC78E7694}.DLL VB|x64.ActiveCfg = Debug|x64
		{98400D17-43A5-1A40-95BE-C53AC78E7694}.DLL VB|x64.Build.0 = Debug|x64
		{98400D17-43A5-1A40-95BE-C53AC78E7694}.DLL VB|x86.ActiveCfg = Debug|Win32
		{98400D17-43A5-1A40-95BE-C53AC78E7694}.DLL VB|x86.Build.0 = Debug|Win32
		{98400D17-43A5-1A40-95BE-C53AC78E7694}.LIB ASM Debug|Any CPU.ActiveCfg = Debug|Win32
		{98400D17-43A5-1A40-95BE-C53AC78E7694}.LIB ASM Debug|ARM.ActiveCfg = Debug|Win32
		{98400D17-43A5-1A40-95BE-C53AC78E7694}.LIB ASM Debug|Mixed Platforms.ActiveCfg = Debug|Win32
		{98400D17-43A5-1A40-95BE-C53AC78E7694}.LIB ASM Debug|Mixed Platforms.Build.0 = Debug|Win32
		{98400D17-43A5-1A40-95BE-C53AC78E7694}.LIB ASM Debug|Win32.ActiveCfg = Debug|Win32
		{98400D17-43A5-1A40-95BE-C53AC78E7694}.LIB ASM Debug|Win32.Build.0 = Debug|Win32
		{98400D17-43A5-1A40-95BE-C53AC78E7694}.LIB ASM Debug|x64.ActiveCfg = Debug|x64
		{98400D17-43A5-1A40-95BE-C53AC78E7694}.LIB ASM Debug|x64.Build.0 = Debug|x64
		{98400D17-43A5-1A40-95BE-C53AC78E7694}.LIB ASM Debug|x86.ActiveCfg = Debug|Win32
		{98400D17-43A5-1A40-95BE-C53AC78E7694}.LIB ASM Debug|x86.Build.0 = Debug|Win32
		{98400D17-43A5-1A40-95BE-C53AC78E7694}.LIB ASM Release|Any CPU.ActiveCfg = Release|Win32
		{98400D17-43A5-1A40-95BE-C53AC78E7694}.LIB ASM Release|ARM.ActiveCfg = Release|Win32
		{98400D17-43A5-1A40-95BE-C53AC78E7694}.LIB ASM Release|Mixed Platforms.ActiveCfg = Release|Win32
		{98400D17-43A5-1A40-95BE-C53AC78E7694}.LIB ASM Release|Mixed Platforms.Build.0 = Release|Win32
		{98400D17-43A5-1A40-95BE-C53AC78E7694}.LIB ASM Release|Win32.ActiveCfg = Release|Win32
		{98400D17-43A5-1A40-95BE-C53AC78E7694}.LIB ASM Release|Win32.Build.0 = Release|Win32
		{98400D17-43A5-1A40-95BE-C53AC78E7694}.LIB ASM Release|x64.ActiveCfg = Release|x64
		{98400D17-43A5-1A40-95BE-C53AC78E7694}.LIB ASM Release|x64.Build.0 = Release|x64
		{98400D17-43A5-1A40-95BE-C53AC78E7694}.LIB ASM Release|x86.ActiveCfg = Release|Win32
		{98400D17-43A5-1A40-95BE-C53AC78E7694}.LIB ASM Release|x86.Build.0 = Release|Win32
		{98400D17-43A5-1A40-95BE-C53AC78E7694}.LIB Debug|Any CPU.ActiveCfg = Debug|Win32
		{98400D17-43A5-1A40-95BE-C53AC78E7694}.LIB Debug|ARM.ActiveCfg = Debug|Win32
		{98400D17-43A5-1A40-95BE-C53AC78E7694}.LIB Debug|Mixed Platforms.ActiveCfg = Debug|Win32
		{98400D17-43A5-1A40-95BE-C53AC78E7694}.LIB Debug|Mixed Platforms.Build.0 = Debug|Win32
		{98400D17-43A5-1A40-95BE-C53AC78E7694}.LIB Debug|Win32.ActiveCfg = Debug|Win32
		{98400D17-43A5-1A40-95BE-C53AC78E7694}.LIB Debug|Win32.Build.0 = Debug|Win32
		{98400D17-43A5-1A40-95BE-C53AC78E7694}.LIB Debug|x64.ActiveCfg = Debug|x64
		{98400D17-43A5-1A40-95BE-C53AC78E7694}.LIB Debug|x64.Build.0 = Debug|x64
		{98400D17-43A5-1A40-95BE-C53AC78E7694}.LIB Debug|x86.ActiveCfg = Debug|Win32
		{98400D17-43A5-1A40-95BE-C53AC78E7694}.LIB Debug|x86.Build.0 = Debug|Win32
		{98400D17-43A5-1A40-95BE-C53AC78E7694}.LIB Release|Any CPU.ActiveCfg = Release|Win32
		{98400D17-43A5-1A40-95BE-C53AC78E7694}.LIB Release|ARM.ActiveCfg = Release|Win32
		{98400D17-43A5-1A40-95BE-C53AC78E7694}.LIB Release|Mixed Platforms.ActiveCfg = Release|Win32
		{98400D17-43A5-1A40-95BE-C53AC78E7694}.LIB Release|Mixed Platforms.Build.0 = Release|Win32
		{98400D17-43A5-1A40-95BE-C53AC78E7694}.LIB Release|Win32.ActiveCfg = Release|Win32
		{98400D17-43A5-1A40-95BE-C53AC78E7694}.LIB Release|Win32.Build.0 = Release|Win32
		{98400D17-43A5-1A40-95BE-C53AC78E7694}.LIB Release|x64.ActiveCfg = Release|x64
		{98400D17-43A5-1A40-95BE-C53AC78E7694}.LIB Release|x64.Build.0 = Release|x64
		{98400D17-43A5-1A40-95BE-C53AC78E7694}.LIB Release|x86.ActiveCfg = Release|Win32
		{98400D17-43A5-1A40-95BE-C53AC78E7694}.LIB Release|x86.Build.0 = Release|Win32
		{98400D17-43A5-1A40-95BE-C53AC78E7694}.Release|Any CPU.ActiveCfg = Release|Win32
		{98400D17-43A5-1A40-95BE-C53AC78E7694}.Release|ARM.ActiveCfg = Release|Win32
		{98400D17-43A5-1A40-95BE-C53AC78E7694}.Release|Mixed Platforms.ActiveCfg = Release|Win32
		{98400D17-43A5-1A40-95BE-C53AC78E7694}.Release|Mixed Platforms.Build.0 = Release|Win32
		{98400D17-43A5-1A40-95BE-C53AC78E7694}.Release|Win32.ActiveCfg = Release|Win32
		{98400D17-43A5-1A40-95BE-C53AC78E7694}.Release|Win32.Build.0 = Release|Win32
		{98400D17-43A5-1A40-95BE-C53AC78E7694}.Release|x64.ActiveCfg = Release|x64
		{98400D17-43A5-1A40-95BE-C53AC78E7694}.Release|x64.Build.0 = Release|x64
		{98400D17-43A5-1A40-95BE-C53AC78E7694}.Release|x86.ActiveCfg = Release|Win32
		{98400D17-43A5-1A40-95BE-C53AC78E7694}.Release|x86.Build.0 = Release|Win32
		{11623035-51DD-4BA7-85A8-D9887ACFBC95}.Debug|Any CPU.ActiveCfg = Debug|Win32
		{11623035-51DD-4BA7-85A8-D9887ACFBC95}.Debug|ARM.ActiveCfg = Debug|ARM
		{11623035-51DD-4BA7-85A8-D9887ACFBC95}.Debug|ARM.Build.0 = Debug|ARM
		{11623035-51DD-4BA7-85A8-D9887ACFBC95}.Debug|Mixed Platforms.ActiveCfg = Debug|Win32
		{11623035-51DD-4BA7-85A8-D9887ACFBC95}.Debug|Mixed Platforms.Build.0 = Debug|Win32
		{11623035-51DD-4BA7-85A8-D9887ACFBC95}.Debug|Win32.ActiveCfg = Debug|Win32
		{11623035-51DD-4BA7-85A8-D9887ACFBC95}.Debug|Win32.Build.0 = Debug|Win32
		{11623035-51DD-4BA7-85A8-D9887ACFBC95}.Debug|x64.ActiveCfg = Debug|Win32
		{11623035-51DD-4BA7-85A8-D9887ACFBC95}.Debug|x86.ActiveCfg = Debug|Win32
		{11623035-51DD-4BA7-85A8-D9887ACFBC95}.Debug|x86.Build.0 = Debug|Win32
		{11623035-51DD-4BA7-85A8-D9887ACFBC95}.DLL ASM Debug|Any CPU.ActiveCfg = Debug|Win32
		{11623035-51DD-4BA7-85A8-D9887ACFBC95}.DLL ASM Debug|ARM.ActiveCfg = Debug|ARM
		{11623035-51DD-4BA7-85A8-D9887ACFBC95}.DLL ASM Debug|ARM.Build.0 = Debug|ARM
		{11623035-51DD-4BA7-85A8-D9887ACFBC95}.DLL ASM Debug|Mixed Platforms.ActiveCfg = Debug|Win32
		{11623035-51DD-4BA7-85A8-D9887ACFBC95}.DLL ASM Debug|Mixed Platforms.Build.0 = Debug|Win32
		{11623035-51DD-4BA7-85A8-D9887ACFBC95}.DLL ASM Debug|Win32.ActiveCfg = Debug|Win32
		{11623035-51DD-4BA7-85A8-D9887ACFBC95}.DLL ASM Debug|Win32.Build.0 = Debug|Win32
		{11623035-51DD-4BA7-85A8-D9887ACFBC95}.DLL ASM Debug|x64.ActiveCfg = Debug|Win32
		{11623035-51DD-4BA7-85A8-D9887ACFBC95}.DLL ASM Debug|x86.ActiveCfg = Debug|Win32
		{11623035-51DD-4BA7-85A8-D9887ACFBC95}.DLL ASM Debug|x86.Build.0 = Debug|Win32
		{11623035-51DD-4BA7-85A8-D9887ACFBC95}.DLL ASM Release|Any CPU.ActiveCfg = Release|Win32
		{11623035-51DD-4BA7-85A8-D9887ACFBC95}.DLL ASM Release|ARM.ActiveCfg = Release|ARM
		{11623035-51DD-4BA7-85A8-D9887ACFBC95}.DLL ASM Release|ARM.Build.0 = Release|ARM
		{11623035-51DD-4BA7-85A8-D9887ACFBC95}.DLL ASM Release|Mixed Platforms.ActiveCfg = Release|Win32
		{11623035-51DD-4BA7-85A8-D9887ACFBC95}.DLL ASM Release|Mixed Platforms.Build.0 = Release|Win32
		{11623035-51DD-4BA7-85A8-D9887ACFBC95}.DLL ASM Release|Win32.ActiveCfg = Release|Win32
		{11623035-51DD-4BA7-85A8-D9887ACFBC95}.DLL ASM Release|Win32.Build.0 = Release|Win32
		{11623035-51DD-4BA7-85A8-D9887ACFBC95}.DLL ASM Release|x64.ActiveCfg = Release|Win32
		{11623035-51DD-4BA7-85A8-D9887ACFBC95}.DLL ASM Release|x86.ActiveCfg = Release|Win32
		{11623035-51DD-4BA7-85A8-D9887ACFBC95}.DLL ASM Release|x86.Build.0 = Release|Win32
		{11623035-51DD-4BA7-85A8-D9887ACFBC95}.DLL Debug|Any CPU.ActiveCfg = Debug|Win32
		{11623035-51DD-4BA7-85A8-D9887ACFBC95}.DLL Debug|ARM.ActiveCfg = Debug|ARM
		{11623035-51DD-4BA7-85A8-D9887ACFBC95}.DLL Debug|ARM.Build.0 = Debug|ARM
		{11623035-51DD-4BA7-85A8-D9887ACFBC95}.DLL Debug|Mixed Platforms.ActiveCfg = Debug|Win32
		{11623035-51DD-4BA7-85A8-D9887ACFBC95}.DLL Debug|Mixed Platforms.Build.0 = Debug|Win32
		{11623035-51DD-4BA7-85A8-D9887ACFBC95}.DLL Debug|Win32.ActiveCfg = Debug|Win32
		{11623035-51DD-4BA7-85A8-D9887ACFBC95}.DLL Debug|Win32.Build.0 = Debug|Win32
		{11623035-51DD-4BA7-85A8-D9887ACFBC95}.DLL Debug|x64.ActiveCfg = Debug|Win32
		{11623035-51DD-4BA7-85A8-D9887ACFBC95}.DLL Debug|x86.ActiveCfg = Debug|Win32
		{11623035-51DD-4BA7-85A8-D9887ACFBC95}.DLL Debug|x86.Build.0 = Debug|Win32
		{11623035-51DD-4BA7-85A8-D9887ACFBC95}.DLL Release|Any CPU.ActiveCfg = Release|Win32
		{11623035-51DD-4BA7-85A8-D9887ACFBC95}.DLL Release|ARM.ActiveCfg = Release|ARM
		{11623035-51DD-4BA7-85A8-D9887ACFBC95}.DLL Release|ARM.Build.0 = Release|ARM
		{11623035-51DD-4BA7-85A8-D9887ACFBC95}.DLL Release|Mixed Platforms.ActiveCfg = Release|Win32
		{11623035-51DD-4BA7-85A8-D9887ACFBC95}.DLL Release|Mixed Platforms.Build.0 = Release|Win32
		{11623035-51DD-4BA7-85A8-D9887ACFBC95}.DLL Release|Win32.ActiveCfg = Release|Win32
		{11623035-51DD-4BA7-85A8-D9887ACFBC95}.DLL Release|Win32.Build.0 = Release|Win32
		{11623035-51DD-4BA7-85A8-D9887ACFBC95}.DLL Release|x64.ActiveCfg = Release|Win32
		{11623035-51DD-4BA7-85A8-D9887ACFBC95}.DLL Release|x86.ActiveCfg = Release|Win32
		{11623035-51DD-4BA7-85A8-D9887ACFBC95}.DLL Release|x86.Build.0 = Release|Win32
		{11623035-51DD-4BA7-85A8-D9887ACFBC95}.DLL VB|Any CPU.ActiveCfg = Debug|Win32
		{11623035-51DD-4BA7-85A8-D9887ACFBC95}.DLL VB|ARM.ActiveCfg = Debug|ARM
		{11623035-51DD-4BA7-85A8-D9887ACFBC95}.DLL VB|ARM.Build.0 = Debug|ARM
		{11623035-51DD-4BA7-85A8-D9887ACFBC95}.DLL VB|Mixed Platforms.ActiveCfg = Debug|Win32
		{11623035-51DD-4BA7-85A8-D9887ACFBC95}.DLL VB|Mixed Platforms.Build.0 = Debug|Win32
		{11623035-51DD-4BA7-85A8-D9887ACFBC95}.DLL VB|Win32.ActiveCfg = Debug|Win32
		{11623035-51DD-4BA7-85A8-D9887ACFBC95}.DLL VB|Win32.Build.0 = Debug|Win32
		{11623035-51DD-4BA7-85A8-D9887ACFBC95}.DLL VB|x64.ActiveCfg = Debug|Win32
		{11623035-51DD-4BA7-85A8-D9887ACFBC95}.DLL VB|x86.ActiveCfg = Debug|Win32
		{11623035-51DD-4BA7-85A8-D9887ACFBC95}.DLL VB|x86.Build.0 = Debug|Win32
		{11623035-51DD-4BA7-85A8-D9887ACFBC95}.LIB ASM Debug|Any CPU.ActiveCfg = Debug|Win32
		{11623035-51DD-4BA7-85A8-D9887ACFBC95}.LIB ASM Debug|ARM.ActiveCfg = Debug|ARM
		{11623035-51DD-4BA7-85A8-D9887ACFBC95}.LIB ASM Debug|ARM.Build.0 = Debug|ARM
		{11623035-51DD-4BA7-85A8-D9887ACFBC95}.LIB ASM Debug|Mixed Platforms.ActiveCfg = Debug|Win32
		{11623035-51DD-4BA7-85A8-D9887ACFBC95}.LIB ASM Debug|Mixed Platforms.Build.0 = Debug|Win32
		{11623035-51DD-4BA7-85A8-D9887ACFBC95}.LIB ASM Debug|Win32.ActiveCfg = Debug|Win32
		{11623035-51DD-4BA7-85A8-D9887ACFBC95}.LIB ASM Debug|Win32.Build.0 = Debug|Win32
		{11623035-51DD-4BA7-85A8-D9887ACFBC95}.LIB ASM Debug|x64.ActiveCfg = Debug|Win32
		{11623035-51DD-4BA7-85A8-D9887ACFBC95}.LIB ASM Debug|x86.ActiveCfg = Debug|Win32
		{11623035-51DD-4BA7-85A8-D9887ACFBC95}.LIB ASM Debug|x86.Build.0 = Debug|Win32
		{11623035-51DD-4BA7-85A8-D9887ACFBC95}.LIB ASM Release|Any CPU.ActiveCfg = Release|Win32
		{11623035-51DD-4BA7-85A8-D9887ACFBC95}.LIB ASM Release|ARM.ActiveCfg = Release|ARM
		{11623035-51DD-4BA7-85A8-D9887ACFBC95}.LIB ASM Release|ARM.Build.0 = Release|ARM
		{11623035-51DD-4BA7-85A8-D9887ACFBC95}.LIB ASM Release|Mixed Platforms.ActiveCfg = Release|Win32
		{11623035-51DD-4BA7-85A8-D9887ACFBC95}.LIB ASM Release|Mixed Platforms.Build.0 = Release|Win32
		{11623035-51DD-4BA7-85A8-D9887ACFBC95}.LIB ASM Release|Win32.ActiveCfg = Release|Win32
		{11623035-51DD-4BA7-85A8-D9887ACFBC95}.LIB ASM Release|Win32.Build.0 = Release|Win32
		{11623035-51DD-4BA7-85A8-D9887ACFBC95}.LIB ASM Release|x64.ActiveCfg = Release|Win32
		{11623035-51DD-4BA7-85A8-D9887ACFBC95}.LIB ASM Release|x86.ActiveCfg = Release|Win32
		{11623035-51DD-4BA7-85A8-D9887ACFBC95}.LIB ASM Release|x86.Build.0 = Release|Win32
		{11623035-51DD-4BA7-85A8-D9887ACFBC95}.LIB Debug|Any CPU.ActiveCfg = Debug|Win32
		{11623035-51DD-4BA7-85A8-D9887ACFBC95}.LIB Debug|ARM.ActiveCfg = Debug|ARM
		{11623035-51DD-4BA7-85A8-D9887ACFBC95}.LIB Debug|ARM.Build.0 = Debug|ARM
		{11623035-51DD-4BA7-85A8-D9887ACFBC95}.LIB Debug|Mixed Platforms.ActiveCfg = Debug|Win32
		{11623035-51DD-4BA7-85A8-D9887ACFBC95}.LIB Debug|Mixed Platforms.Build.0 = Debug|Win32
		{11623035-51DD-4BA7-85A8-D9887ACFBC95}.LIB Debug|Win32.ActiveCfg = Debug|Win32
		{11623035-51DD-4BA7-85A8-D9887ACFBC95}.LIB Debug|Win32.Build.0 = Debug|Win32
		{11623035-51DD-4BA7-85A8-D9887ACFBC95}.LIB Debug|x64.ActiveCfg = Debug|Win32
		{11623035-51DD-4BA7-85A8-D9887ACFBC95}.LIB Debug|x86.ActiveCfg = Debug|Win32
		{11623035-51DD-4BA7-85A8-D9887ACFBC95}.LIB Debug|x86.Build.0 = Debug|Win32
		{11623035-51DD-4BA7-85A8-D9887ACFBC95}.LIB Release|Any CPU.ActiveCfg = Release|Win32
		{11623035-51DD-4BA7-85A8-D9887ACFBC95}.LIB Release|ARM.ActiveCfg = Release|ARM
		{11623035-51DD-4BA7-85A8-D9887ACFBC95}.LIB Release|ARM.Build.0 = Release|ARM
		{11623035-51DD-4BA7-85A8-D9887ACFBC95}.LIB Release|Mixed Platforms.ActiveCfg = Release|Win32
		{11623035-51DD-4BA7-85A8-D9887ACFBC95}.LIB Release|Mixed Platforms.Build.0 = Release|Win32
		{11623035-51DD-4BA7-85A8-D9887ACFBC95}.LIB Release|Win32.ActiveCfg = Release|Win32
		{11623035-51DD-4BA7-85A8-D9887ACFBC95}.LIB Release|Win32.Build.0 = Release|Win32
		{11623035-51DD-4BA7-85A8-D9887ACFBC95}.LIB Release|x64.ActiveCfg = Release|Win32
		{11623035-51DD-4BA7-85A8-D9887ACFBC95}.LIB Release|x86.ActiveCfg = Release|Win32
		{11623035-51DD-4BA7-85A8-D9887ACFBC95}.LIB Release|x86.Build.0 = Release|Win32
		{11623035-51DD-4BA7-85A8-D9887ACFBC95}.Release|Any CPU.ActiveCfg = Release|Win32
		{11623035-51DD-4BA7-85A8-D9887ACFBC95}.Release|ARM.ActiveCfg = Release|ARM
		{11623035-51DD-4BA7-85A8-D9887ACFBC95}.Release|ARM.Build.0 = Release|ARM
		{11623035-51DD-4BA7-85A8-D9887ACFBC95}.Release|Mixed Platforms.ActiveCfg = Release|Win32
		{11623035-51DD-4BA7-85A8-D9887ACFBC95}.Release|Mixed Platforms.Build.0 = Release|Win32
		{11623035-51DD-4BA7-85A8-D9887ACFBC95}.Release|Win32.ActiveCfg = Release|Win32
		{11623035-51DD-4BA7-85A8-D9887ACFBC95}.Release|Win32.Build.0 = Release|Win32
		{11623035-51DD-4BA7-85A8-D9887ACFBC95}.Release|x64.ActiveCfg = Release|Win32
		{11623035-51DD-4BA7-85A8-D9887ACFBC95}.Release|x86.ActiveCfg = Release|Win32
		{11623035-51DD-4BA7-85A8-D9887ACFBC95}.Release|x86.Build.0 = Release|Win32
		{69CFF1F9-DC27-4B0A-91CB-07BE8DEDD200}.Debug|Any CPU.ActiveCfg = Debug|Any CPU
		{69CFF1F9-DC27-4B0A-91CB-07BE8DEDD200}.Debug|Any CPU.Build.0 = Debug|Any CPU
		{69CFF1F9-DC27-4B0A-91CB-07BE8DEDD200}.Debug|Any CPU.Deploy.0 = Debug|Any CPU
		{69CFF1F9-DC27-4B0A-91CB-07BE8DEDD200}.Debug|ARM.ActiveCfg = Debug|ARM
		{69CFF1F9-DC27-4B0A-91CB-07BE8DEDD200}.Debug|ARM.Build.0 = Debug|ARM
		{69CFF1F9-DC27-4B0A-91CB-07BE8DEDD200}.Debug|ARM.Deploy.0 = Debug|ARM
		{69CFF1F9-DC27-4B0A-91CB-07BE8DEDD200}.Debug|Mixed Platforms.ActiveCfg = Debug|x86
		{69CFF1F9-DC27-4B0A-91CB-07BE8DEDD200}.Debug|Mixed Platforms.Build.0 = Debug|x86
		{69CFF1F9-DC27-4B0A-91CB-07BE8DEDD200}.Debug|Mixed Platforms.Deploy.0 = Debug|x86
		{69CFF1F9-DC27-4B0A-91CB-07BE8DEDD200}.Debug|Win32.ActiveCfg = Debug|x86
		{69CFF1F9-DC27-4B0A-91CB-07BE8DEDD200}.Debug|Win32.Build.0 = Debug|x86
		{69CFF1F9-DC27-4B0A-91CB-07BE8DEDD200}.Debug|Win32.Deploy.0 = Debug|x86
		{69CFF1F9-DC27-4B0A-91CB-07BE8DEDD200}.Debug|x64.ActiveCfg = Debug|Any CPU
		{69CFF1F9-DC27-4B0A-91CB-07BE8DEDD200}.Debug|x86.ActiveCfg = Debug|x86
		{69CFF1F9-DC27-4B0A-91CB-07BE8DEDD200}.Debug|x86.Build.0 = Debug|x86
		{69CFF1F9-DC27-4B0A-91CB-07BE8DEDD200}.Debug|x86.Deploy.0 = Debug|x86
		{69CFF1F9-DC27-4B0A-91CB-07BE8DEDD200}.DLL ASM Debug|Any CPU.ActiveCfg = Debug|Any CPU
		{69CFF1F9-DC27-4B0A-91CB-07BE8DEDD200}.DLL ASM Debug|Any CPU.Build.0 = Debug|Any CPU
		{69CFF1F9-DC27-4B0A-91CB-07BE8DEDD200}.DLL ASM Debug|Any CPU.Deploy.0 = Debug|Any CPU
		{69CFF1F9-DC27-4B0A-91CB-07BE8DEDD200}.DLL ASM Debug|ARM.ActiveCfg = Debug|ARM
		{69CFF1F9-DC27-4B0A-91CB-07BE8DEDD200}.DLL ASM Debug|ARM.Build.0 = Debug|ARM
		{69CFF1F9-DC27-4B0A-91CB-07BE8DEDD200}.DLL ASM Debug|ARM.Deploy.0 = Debug|ARM
		{69CFF1F9-DC27-4B0A-91CB-07BE8DEDD200}.DLL ASM Debug|Mixed Platforms.ActiveCfg = Debug|x86
		{69CFF1F9-DC27-4B0A-91CB-07BE8DEDD200}.DLL ASM Debug|Mixed Platforms.Build.0 = Debug|x86
		{69CFF1F9-DC27-4B0A-91CB-07BE8DEDD200}.DLL ASM Debug|Mixed Platforms.Deploy.0 = Debug|x86
		{69CFF1F9-DC27-4B0A-91CB-07BE8DEDD200}.DLL ASM Debug|Win32.ActiveCfg = Debug|x86
		{69CFF1F9-DC27-4B0A-91CB-07BE8DEDD200}.DLL ASM Debug|Win32.Build.0 = Debug|x86
		{69CFF1F9-DC27-4B0A-91CB-07BE8DEDD200}.DLL ASM Debug|Win32.Deploy.0 = Debug|x86
		{69CFF1F9-DC27-4B0A-91CB-07BE8DEDD200}.DLL ASM Debug|x64.ActiveCfg = Debug|Any CPU
		{69CFF1F9-DC27-4B0A-91CB-07BE8DEDD200}.DLL ASM Debug|x86.ActiveCfg = Debug|x86
		{69CFF1F9-DC27-4B0A-91CB-07BE8DEDD200}.DLL ASM Debug|x86.Build.0 = Debug|x86
		{69CFF1F9-DC27-4B0A-91CB-07BE8DEDD200}.DLL ASM Debug|x86.Deploy.0 = Debug|x86
		{69CFF1F9-DC27-4B0A-91CB-07BE8DEDD200}.DLL ASM Release|Any CPU.ActiveCfg = Release|Any CPU
		{69CFF1F9-DC27-4B0A-91CB-07BE8DEDD200}.DLL ASM Release|Any CPU.Build.0 = Release|Any CPU
		{69CFF1F9-DC27-4B0A-91CB-07BE8DEDD200}.DLL ASM Release|Any CPU.Deploy.0 = Release|Any CPU
		{69CFF1F9-DC27-4B0A-91CB-07BE8DEDD200}.DLL ASM Release|ARM.ActiveCfg = Release|ARM
		{69CFF1F9-DC27-4B0A-91CB-07BE8DEDD200}.DLL ASM Release|ARM.Build.0 = Release|ARM
		{69CFF1F9-DC27-4B0A-91CB-07BE8DEDD200}.DLL ASM Release|ARM.Deploy.0 = Release|ARM
		{69CFF1F9-DC27-4B0A-91CB-07BE8DEDD200}.DLL ASM Release|Mixed Platforms.ActiveCfg = Release|x86
		{69CFF1F9-DC27-4B0A-91CB-07BE8DEDD200}.DLL ASM Release|Mixed Platforms.Build.0 = Release|x86
		{69CFF1F9-DC27-4B0A-91CB-07BE8DEDD200}.DLL ASM Release|Mixed Platforms.Deploy.0 = Release|x86
		{69CFF1F9-DC27-4B0A-91CB-07BE8DEDD200}.DLL ASM Release|Win32.ActiveCfg = Release|x86
		{69CFF1F9-DC27-4B0A-91CB-07BE8DEDD200}.DLL ASM Release|Win32.Build.0 = Release|x86
		{69CFF1F9-DC27-4B0A-91CB-07BE8DEDD200}.DLL ASM Release|Win32.Deploy.0 = Release|x86
		{69CFF1F9-DC27-4B0A-91CB-07BE8DEDD200}.DLL ASM Release|x64.ActiveCfg = Release|Any CPU
		{69CFF1F9-DC27-4B0A-91CB-07BE8DEDD200}.DLL ASM Release|x86.ActiveCfg = Release|x86
		{69CFF1F9-DC27-4B0A-91CB-07BE8DEDD200}.DLL ASM Release|x86.Build.0 = Release|x86
		{69CFF1F9-DC27-4B0A-91CB-07BE8DEDD200}.DLL ASM Release|x86.Deploy.0 = Release|x86
		{69CFF1F9-DC27-4B0A-91CB-07BE8DEDD200}.DLL Debug|Any CPU.ActiveCfg = Debug|Any CPU
		{69CFF1F9-DC27-4B0A-91CB-07BE8DEDD200}.DLL Debug|Any CPU.Build.0 = Debug|Any CPU
		{69CFF1F9-DC27-4B0A-91CB-07BE8DEDD200}.DLL Debug|Any CPU.Deploy.0 = Debug|Any CPU
		{69CFF1F9-DC27-4B0A-91CB-07BE8DEDD200}.DLL Debug|ARM.ActiveCfg = Debug|ARM
		{69CFF1F9-DC27-4B0A-91CB-07BE8DEDD200}.DLL Debug|ARM.Build.0 = Debug|ARM
		{69CFF1F9-DC27-4B0A-91CB-07BE8DEDD200}.DLL Debug|ARM.Deploy.0 = Debug|ARM
		{69CFF1F9-DC27-4B0A-91CB-07BE8DEDD200}.DLL Debug|Mixed Platforms.ActiveCfg = Debug|x86
		{69CFF1F9-DC27-4B0A-91CB-07BE8DEDD200}.DLL Debug|Mixed Platforms.Build.0 = Debug|x86
		{69CFF1F9-DC27-4B0A-91CB-07BE8DEDD200}.DLL Debug|Mixed Platforms.Deploy.0 = Debug|x86
		{69CFF1F9-DC27-4B0A-91CB-07BE8DEDD200}.DLL Debug|Win32.ActiveCfg = Debug|x86
		{69CFF1F9-DC27-4B0A-91CB-07BE8DEDD200}.DLL Debug|Win32.Build.0 = Debug|x86
		{69CFF1F9-DC27-4B0A-91CB-07BE8DEDD200}.DLL Debug|Win32.Deploy.0 = Debug|x86
		{69CFF1F9-DC27-4B0A-91CB-07BE8DEDD200}.DLL Debug|x64.ActiveCfg = Debug|Any CPU
		{69CFF1F9-DC27-4B0A-91CB-07BE8DEDD200}.DLL Debug|x86.ActiveCfg = Debug|x86
		{69CFF1F9-DC27-4B0A-91CB-07BE8DEDD200}.DLL Debug|x86.Build.0 = Debug|x86
		{69CFF1F9-DC27-4B0A-91CB-07BE8DEDD200}.DLL Debug|x86.Deploy.0 = Debug|x86
		{69CFF1F9-DC27-4B0A-91CB-07BE8DEDD200}.DLL Release|Any CPU.ActiveCfg = Release|Any CPU
		{69CFF1F9-DC27-4B0A-91CB-07BE8DEDD200}.DLL Release|Any CPU.Build.0 = Release|Any CPU
		{69CFF1F9-DC27-4B0A-91CB-07BE8DEDD200}.DLL Release|Any CPU.Deploy.0 = Release|Any CPU
		{69CFF1F9-DC27-4B0A-91CB-07BE8DEDD200}.DLL Release|ARM.ActiveCfg = Release|ARM
		{69CFF1F9-DC27-4B0A-91CB-07BE8DEDD200}.DLL Release|ARM.Build.0 = Release|ARM
		{69CFF1F9-DC27-4B0A-91CB-07BE8DEDD200}.DLL Release|ARM.Deploy.0 = Release|ARM
		{69CFF1F9-DC27-4B0A-91CB-07BE8DEDD200}.DLL Release|Mixed Platforms.ActiveCfg = Release|x86
		{69CFF1F9-DC27-4B0A-91CB-07BE8DEDD200}.DLL Release|Mixed Platforms.Build.0 = Release|x86
		{69CFF1F9-DC27-4B0A-91CB-07BE8DEDD200}.DLL Release|Mixed Platforms.Deploy.0 = Release|x86
		{69CFF1F9-DC27-4B0A-91CB-07BE8DEDD200}.DLL Release|Win32.ActiveCfg = Release|x86
		{69CFF1F9-DC27-4B0A-91CB-07BE8DEDD200}.DLL Release|Win32.Build.0 = Release|x86
		{69CFF1F9-DC27-4B0A-91CB-07BE8DEDD200}.DLL Release|Win32.Deploy.0 = Release|x86
		{69CFF1F9-DC27-4B0A-91CB-07BE8DEDD200}.DLL Release|x64.ActiveCfg = Release|Any CPU
		{69CFF1F9-DC27-4B0A-91CB-07BE8DEDD200}.DLL Release|x86.ActiveCfg = Release|x86
		{69CFF1F9-DC27-4B0A-91CB-07BE8DEDD200}.DLL Release|x86.Build.0 = Release|x86
		{69CFF1F9-DC27-4B0A-91CB-07BE8DEDD200}.DLL Release|x86.Deploy.0 = Release|x86
		{69CFF1F9-DC27-4B0A-91CB-07BE8DEDD200}.DLL VB|Any CPU.ActiveCfg = Debug|Any CPU
		{69CFF1F9-DC27-4B0A-91CB-07BE8DEDD200}.DLL VB|Any CPU.Build.0 = Debug|Any CPU
		{69CFF1F9-DC27-4B0A-91CB-07BE8DEDD200}.DLL VB|Any CPU.Deploy.0 = Debug|Any CPU
		{69CFF1F9-DC27-4B0A-91CB-07BE8DEDD200}.DLL VB|ARM.ActiveCfg = Debug|ARM
		{69CFF1F9-DC27-4B0A-91CB-07BE8DEDD200}.DLL VB|ARM.Build.0 = Debug|ARM
		{69CFF1F9-DC27-4B0A-91CB-07BE8DEDD200}.DLL VB|ARM.Deploy.0 = Debug|ARM
		{69CFF1F9-DC27-4B0A-91CB-07BE8DEDD200}.DLL VB|Mixed Platforms.ActiveCfg = Debug|x86
		{69CFF1F9-DC27-4B0A-91CB-07BE8DEDD200}.DLL VB|Mixed Platforms.Build.0 = Debug|x86
		{69CFF1F9-DC27-4B0A-91CB-07BE8DEDD200}.DLL VB|Mixed Platforms.Deploy.0 = Debug|x86
		{69CFF1F9-DC27-4B0A-91CB-07BE8DEDD200}.DLL VB|Win32.ActiveCfg = Debug|x86
		{69CFF1F9-DC27-4B0A-91CB-07BE8DEDD200}.DLL VB|Win32.Build.0 = Debug|x86
		{69CFF1F9-DC27-4B0A-91CB-07BE8DEDD200}.DLL VB|Win32.Deploy.0 = Debug|x86
		{69CFF1F9-DC27-4B0A-91CB-07BE8DEDD200}.DLL VB|x64.ActiveCfg = Debug|Any CPU
		{69CFF1F9-DC27-4B0A-91CB-07BE8DEDD200}.DLL VB|x86.ActiveCfg = Debug|x86
		{69CFF1F9-DC27-4B0A-91CB-07BE8DEDD200}.DLL VB|x86.Build.0 = Debug|x86
		{69CFF1F9-DC27-4B0A-91CB-07BE8DEDD200}.DLL VB|x86.Deploy.0 = Debug|x86
		{69CFF1F9-DC27-4B0A-91CB-07BE8DEDD200}.LIB ASM Debug|Any CPU.ActiveCfg = Debug|Any CPU
		{69CFF1F9-DC27-4B0A-91CB-07BE8DEDD200}.LIB ASM Debug|Any CPU.Build.0 = Debug|Any CPU
		{69CFF1F9-DC27-4B0A-91CB-07BE8DEDD200}.LIB ASM Debug|Any CPU.Deploy.0 = Debug|Any CPU
		{69CFF1F9-DC27-4B0A-91CB-07BE8DEDD200}.LIB ASM Debug|ARM.ActiveCfg = Debug|ARM
		{69CFF1F9-DC27-4B0A-91CB-07BE8DEDD200}.LIB ASM Debug|ARM.Build.0 = Debug|ARM
		{69CFF1F9-DC27-4B0A-91CB-07BE8DEDD200}.LIB ASM Debug|ARM.Deploy.0 = Debug|ARM
		{69CFF1F9-DC27-4B0A-91CB-07BE8DEDD200}.LIB ASM Debug|Mixed Platforms.ActiveCfg = Debug|x86
		{69CFF1F9-DC27-4B0A-91CB-07BE8DEDD200}.LIB ASM Debug|Mixed Platforms.Build.0 = Debug|x86
		{69CFF1F9-DC27-4B0A-91CB-07BE8DEDD200}.LIB ASM Debug|Mixed Platforms.Deploy.0 = Debug|x86
		{69CFF1F9-DC27-4B0A-91CB-07BE8DEDD200}.LIB ASM Debug|Win32.ActiveCfg = Debug|x86
		{69CFF1F9-DC27-4B0A-91CB-07BE8DEDD200}.LIB ASM Debug|Win32.Build.0 = Debug|x86
		{69CFF1F9-DC27-4B0A-91CB-07BE8DEDD200}.LIB ASM Debug|Win32.Deploy.0 = Debug|x86
		{69CFF1F9-DC27-4B0A-91CB-07BE8DEDD200}.LIB ASM Debug|x64.ActiveCfg = Debug|Any CPU
		{69CFF1F9-DC27-4B0A-91CB-07BE8DEDD200}.LIB ASM Debug|x86.ActiveCfg = Debug|x86
		{69CFF1F9-DC27-4B0A-91CB-07BE8DEDD200}.LIB ASM Debug|x86.Build.0 = Debug|x86
		{69CFF1F9-DC27-4B0A-91CB-07BE8DEDD200}.LIB ASM Debug|x86.Deploy.0 = Debug|x86
		{69CFF1F9-DC27-4B0A-91CB-07BE8DEDD200}.LIB ASM Release|Any CPU.ActiveCfg = Release|Any CPU
		{69CFF1F9-DC27-4B0A-91CB-07BE8DEDD200}.LIB ASM Release|Any CPU.Build.0 = Release|Any CPU
		{69CFF1F9-DC27-4B0A-91CB-07BE8DEDD200}.LIB ASM Release|Any CPU.Deploy.0 = Release|Any CPU
		{69CFF1F9-DC27-4B0A-91CB-07BE8DEDD200}.LIB ASM Release|ARM.ActiveCfg = Release|ARM
		{69CFF1F9-DC27-4B0A-91CB-07BE8DEDD200}.LIB ASM Release|ARM.Build.0 = Release|ARM
		{69CFF1F9-DC27-4B0A-91CB-07BE8DEDD200}.LIB ASM Release|ARM.Deploy.0 = Release|ARM
		{69CFF1F9-DC27-4B0A-91CB-07BE8DEDD200}.LIB ASM Release|Mixed Platforms.ActiveCfg = Release|x86
		{69CFF1F9-DC27-4B0A-91CB-07BE8DEDD200}.LIB ASM Release|Mixed Platforms.Build.0 = Release|x86
		{69CFF1F9-DC27-4B0A-91CB-07BE8DEDD200}.LIB ASM Release|Mixed Platforms.Deploy.0 = Release|x86
		{69CFF1F9-DC27-4B0A-91CB-07BE8DEDD200}.LIB ASM Release|Win32.ActiveCfg = Release|x86
		{69CFF1F9-DC27-4B0A-91CB-07BE8DEDD200}.LIB ASM Release|Win32.Build.0 = Release|x86
		{69CFF1F9-DC27-4B0A-91CB-07BE8DEDD200}.LIB ASM Release|Win32.Deploy.0 = Release|x86
		{69CFF1F9-DC27-4B0A-91CB-07BE8DEDD200}.LIB ASM Release|x64.ActiveCfg = Release|Any CPU
		{69CFF1F9-DC27-4B0A-91CB-07BE8DEDD200}.LIB ASM Release|x86.ActiveCfg = Release|x86
		{69CFF1F9-DC27-4B0A-91CB-07BE8DEDD200}.LIB ASM Release|x86.Build.0 = Release|x86
		{69CFF1F9-DC27-4B0A-91CB-07BE8DEDD200}.LIB ASM Release|x86.Deploy.0 = Release|x86
		{69CFF1F9-DC27-4B0A-91CB-07BE8DEDD200}.LIB Debug|Any CPU.ActiveCfg = Debug|Any CPU
		{69CFF1F9-DC27-4B0A-91CB-07BE8DEDD200}.LIB Debug|Any CPU.Build.0 = Debug|Any CPU
		{69CFF1F9-DC27-4B0A-91CB-07BE8DEDD200}.LIB Debug|Any CPU.Deploy.0 = Debug|Any CPU
		{69CFF1F9-DC27-4B0A-91CB-07BE8DEDD200}.LIB Debug|ARM.ActiveCfg = Debug|ARM
		{69CFF1F9-DC27-4B0A-91CB-07BE8DEDD200}.LIB Debug|ARM.Build.0 = Debug|ARM
		{69CFF1F9-DC27-4B0A-91CB-07BE8DEDD200}.LIB Debug|ARM.Deploy.0 = Debug|ARM
		{69CFF1F9-DC27-4B0A-91CB-07BE8DEDD200}.LIB Debug|Mixed Platforms.ActiveCfg = Debug|x86
		{69CFF1F9-DC27-4B0A-91CB-07BE8DEDD200}.LIB Debug|Mixed Platforms.Build.0 = Debug|x86
		{69CFF1F9-DC27-4B0A-91CB-07BE8DEDD200}.LIB Debug|Mixed Platforms.Deploy.0 = Debug|x86
		{69CFF1F9-DC27-4B0A-91CB-07BE8DEDD200}.LIB Debug|Win32.ActiveCfg = Debug|x86
		{69CFF1F9-DC27-4B0A-91CB-07BE8DEDD200}.LIB Debug|Win32.Build.0 = Debug|x86
		{69CFF1F9-DC27-4B0A-91CB-07BE8DEDD200}.LIB Debug|Win32.Deploy.0 = Debug|x86
		{69CFF1F9-DC27-4B0A-91CB-07BE8DEDD200}.LIB Debug|x64.ActiveCfg = Debug|Any CPU
		{69CFF1F9-DC27-4B0A-91CB-07BE8DEDD200}.LIB Debug|x86.ActiveCfg = Debug|x86
		{69CFF1F9-DC27-4B0A-91CB-07BE8DEDD200}.LIB Debug|x86.Build.0 = Debug|x86
		{69CFF1F9-DC27-4B0A-91CB-07BE8DEDD200}.LIB Debug|x86.Deploy.0 = Debug|x86
		{69CFF1F9-DC27-4B0A-91CB-07BE8DEDD200}.LIB Release|Any CPU.ActiveCfg = Release|Any CPU
		{69CFF1F9-DC27-4B0A-91CB-07BE8DEDD200}.LIB Release|Any CPU.Build.0 = Release|Any CPU
		{69CFF1F9-DC27-4B0A-91CB-07BE8DEDD200}.LIB Release|Any CPU.Deploy.0 = Release|Any CPU
		{69CFF1F9-DC27-4B0A-91CB-07BE8DEDD200}.LIB Release|ARM.ActiveCfg = Release|ARM
		{69CFF1F9-DC27-4B0A-91CB-07BE8DEDD200}.LIB Release|ARM.Build.0 = Release|ARM
		{69CFF1F9-DC27-4B0A-91CB-07BE8DEDD200}.LIB Release|ARM.Deploy.0 = Release|ARM
		{69CFF1F9-DC27-4B0A-91CB-07BE8DEDD200}.LIB Release|Mixed Platforms.ActiveCfg = Release|x86
		{69CFF1F9-DC27-4B0A-91CB-07BE8DEDD200}.LIB Release|Mixed Platforms.Build.0 = Release|x86
		{69CFF1F9-DC27-4B0A-91CB-07BE8DEDD200}.LIB Release|Mixed Platforms.Deploy.0 = Release|x86
		{69CFF1F9-DC27-4B0A-91CB-07BE8DEDD200}.LIB Release|Win32.ActiveCfg = Release|x86
		{69CFF1F9-DC27-4B0A-91CB-07BE8DEDD200}.LIB Release|Win32.Build.0 = Release|x86
		{69CFF1F9-DC27-4B0A-91CB-07BE8DEDD200}.LIB Release|Win32.Deploy.0 = Release|x86
		{69CFF1F9-DC27-4B0A-91CB-07BE8DEDD200}.LIB Release|x64.ActiveCfg = Release|Any CPU
		{69CFF1F9-DC27-4B0A-91CB-07BE8DEDD200}.LIB Release|x86.ActiveCfg = Release|x86
		{69CFF1F9-DC27-4B0A-91CB-07BE8DEDD200}.LIB Release|x86.Build.0 = Release|x86
		{69CFF1F9-DC27-4B0A-91CB-07BE8DEDD200}.LIB Release|x86.Deploy.0 = Release|x86
		{69CFF1F9-DC27-4B0A-91CB-07BE8DEDD200}.Release|Any CPU.ActiveCfg = Release|Any CPU
		{69CFF1F9-DC27-4B0A-91CB-07BE8DEDD200}.Release|Any CPU.Build.0 = Release|Any CPU
		{69CFF1F9-DC27-4B0A-91CB-07BE8DEDD200}.Release|Any CPU.Deploy.0 = Release|Any CPU
		{69CFF1F9-DC27-4B0A-91CB-07BE8DEDD200}.Release|ARM.ActiveCfg = Release|ARM
		{69CFF1F9-DC27-4B0A-91CB-07BE8DEDD200}.Release|ARM.Build.0 = Release|ARM
		{69CFF1F9-DC27-4B0A-91CB-07BE8DEDD200}.Release|ARM.Deploy.0 = Release|ARM
		{69CFF1F9-DC27-4B0A-91CB-07BE8DEDD200}.Release|Mixed Platforms.ActiveCfg = Release|x86
		{69CFF1F9-DC27-4B0A-91CB-07BE8DEDD200}.Release|Mixed Platforms.Build.0 = Release|x86
		{69CFF1F9-DC27-4B0A-91CB-07BE8DEDD200}.Release|Mixed Platforms.Deploy.0 = Release|x86
		{69CFF1F9-DC27-4B0A-91CB-07BE8DEDD200}.Release|Win32.ActiveCfg = Release|x86
		{69CFF1F9-DC27-4B0A-91CB-07BE8DEDD200}.Release|Win32.Build.0 = Release|x86
		{69CFF1F9-DC27-4B0A-91CB-07BE8DEDD200}.Release|Win32.Deploy.0 = Release|x86
		{69CFF1F9-DC27-4B0A-91CB-07BE8DEDD200}.Release|x64.ActiveCfg = Release|Any CPU
		{69CFF1F9-DC27-4B0A-91CB-07BE8DEDD200}.Release|x86.ActiveCfg = Release|x86
		{69CFF1F9-DC27-4B0A-91CB-07BE8DEDD200}.Release|x86.Build.0 = Release|x86
		{69CFF1F9-DC27-4B0A-91CB-07BE8DEDD200}.Release|x86.Deploy.0 = Release|x86
		{52996F15-FE1B-40B1-A447-734694C8FD8E}.Debug|Any CPU.ActiveCfg = Debug|Win32
		{52996F15-FE1B-40B1-A447-734694C8FD8E}.Debug|ARM.ActiveCfg = Debug|ARM
		{52996F15-FE1B-40B1-A447-734694C8FD8E}.Debug|ARM.Build.0 = Debug|ARM
		{52996F15-FE1B-40B1-A447-734694C8FD8E}.Debug|Mixed Platforms.ActiveCfg = Debug|Win32
		{52996F15-FE1B-40B1-A447-734694C8FD8E}.Debug|Mixed Platforms.Build.0 = Debug|Win32
		{52996F15-FE1B-40B1-A447-734694C8FD8E}.Debug|Win32.ActiveCfg = Debug|Win32
		{52996F15-FE1B-40B1-A447-734694C8FD8E}.Debug|Win32.Build.0 = Debug|Win32
		{52996F15-FE1B-40B1-A447-734694C8FD8E}.Debug|x64.ActiveCfg = Debug|Win32
		{52996F15-FE1B-40B1-A447-734694C8FD8E}.Debug|x86.ActiveCfg = Debug|Win32
		{52996F15-FE1B-40B1-A447-734694C8FD8E}.Debug|x86.Build.0 = Debug|Win32
		{52996F15-FE1B-40B1-A447-734694C8FD8E}.DLL ASM Debug|Any CPU.ActiveCfg = Debug|Win32
		{52996F15-FE1B-40B1-A447-734694C8FD8E}.DLL ASM Debug|ARM.ActiveCfg = Debug|ARM
		{52996F15-FE1B-40B1-A447-734694C8FD8E}.DLL ASM Debug|ARM.Build.0 = Debug|ARM
		{52996F15-FE1B-40B1-A447-734694C8FD8E}.DLL ASM Debug|Mixed Platforms.ActiveCfg = Debug|Win32
		{52996F15-FE1B-40B1-A447-734694C8FD8E}.DLL ASM Debug|Mixed Platforms.Build.0 = Debug|Win32
		{52996F15-FE1B-40B1-A447-734694C8FD8E}.DLL ASM Debug|Win32.ActiveCfg = Debug|Win32
		{52996F15-FE1B-40B1-A447-734694C8FD8E}.DLL ASM Debug|Win32.Build.0 = Debug|Win32
		{52996F15-FE1B-40B1-A447-734694C8FD8E}.DLL ASM Debug|x64.ActiveCfg = Debug|Win32
		{52996F15-FE1B-40B1-A447-734694C8FD8E}.DLL ASM Debug|x86.ActiveCfg = Debug|Win32
		{52996F15-FE1B-40B1-A447-734694C8FD8E}.DLL ASM Debug|x86.Build.0 = Debug|Win32
		{52996F15-FE1B-40B1-A447-734694C8FD8E}.DLL ASM Release|Any CPU.ActiveCfg = Release|Win32
		{52996F15-FE1B-40B1-A447-734694C8FD8E}.DLL ASM Release|ARM.ActiveCfg = Release|ARM
		{52996F15-FE1B-40B1-A447-734694C8FD8E}.DLL ASM Release|ARM.Build.0 = Release|ARM
		{52996F15-FE1B-40B1-A447-734694C8FD8E}.DLL ASM Release|Mixed Platforms.ActiveCfg = Release|Win32
		{52996F15-FE1B-40B1-A447-734694C8FD8E}.DLL ASM Release|Mixed Platforms.Build.0 = Release|Win32
		{52996F15-FE1B-40B1-A447-734694C8FD8E}.DLL ASM Release|Win32.ActiveCfg = Release|Win32
		{52996F15-FE1B-40B1-A447-734694C8FD8E}.DLL ASM Release|Win32.Build.0 = Release|Win32
		{52996F15-FE1B-40B1-A447-734694C8FD8E}.DLL ASM Release|x64.ActiveCfg = Release|Win32
		{52996F15-FE1B-40B1-A447-734694C8FD8E}.DLL ASM Release|x86.ActiveCfg = Release|Win32
		{52996F15-FE1B-40B1-A447-734694C8FD8E}.DLL ASM Release|x86.Build.0 = Release|Win32
		{52996F15-FE1B-40B1-A447-734694C8FD8E}.DLL Debug|Any CPU.ActiveCfg = Debug|Win32
		{52996F15-FE1B-40B1-A447-734694C8FD8E}.DLL Debug|ARM.ActiveCfg = Debug|ARM
		{52996F15-FE1B-40B1-A447-734694C8FD8E}.DLL Debug|ARM.Build.0 = Debug|ARM
		{52996F15-FE1B-40B1-A447-734694C8FD8E}.DLL Debug|Mixed Platforms.ActiveCfg = Debug|Win32
		{52996F15-FE1B-40B1-A447-734694C8FD8E}.DLL Debug|Mixed Platforms.Build.0 = Debug|Win32
		{52996F15-FE1B-40B1-A447-734694C8FD8E}.DLL Debug|Win32.ActiveCfg = Debug|Win32
		{52996F15-FE1B-40B1-A447-734694C8FD8E}.DLL Debug|Win32.Build.0 = Debug|Win32
		{52996F15-FE1B-40B1-A447-734694C8FD8E}.DLL Debug|x64.ActiveCfg = Debug|Win32
		{52996F15-FE1B-40B1-A447-734694C8FD8E}.DLL Debug|x86.ActiveCfg = Debug|Win32
		{52996F15-FE1B-40B1-A447-734694C8FD8E}.DLL Debug|x86.Build.0 = Debug|Win32
		{52996F15-FE1B-40B1-A447-734694C8FD8E}.DLL Release|Any CPU.ActiveCfg = Release|Win32
		{52996F15-FE1B-40B1-A447-734694C8FD8E}.DLL Release|ARM.ActiveCfg = Release|ARM
		{52996F15-FE1B-40B1-A447-734694C8FD8E}.DLL Release|ARM.Build.0 = Release|ARM
		{52996F15-FE1B-40B1-A447-734694C8FD8E}.DLL Release|Mixed Platforms.ActiveCfg = Release|Win32
		{52996F15-FE1B-40B1-A447-734694C8FD8E}.DLL Release|Mixed Platforms.Build.0 = Release|Win32
		{52996F15-FE1B-40B1-A447-734694C8FD8E}.DLL Release|Win32.ActiveCfg = Release|Win32
		{52996F15-FE1B-40B1-A447-734694C8FD8E}.DLL Release|Win32.Build.0 = Release|Win32
		{52996F15-FE1B-40B1-A447-734694C8FD8E}.DLL Release|x64.ActiveCfg = Release|Win32
		{52996F15-FE1B-40B1-A447-734694C8FD8E}.DLL Release|x86.ActiveCfg = Release|Win32
		{52996F15-FE1B-40B1-A447-734694C8FD8E}.DLL Release|x86.Build.0 = Release|Win32
		{52996F15-FE1B-40B1-A447-734694C8FD8E}.DLL VB|Any CPU.ActiveCfg = Debug|Win32
		{52996F15-FE1B-40B1-A447-734694C8FD8E}.DLL VB|ARM.ActiveCfg = Debug|ARM
		{52996F15-FE1B-40B1-A447-734694C8FD8E}.DLL VB|ARM.Build.0 = Debug|ARM
		{52996F15-FE1B-40B1-A447-734694C8FD8E}.DLL VB|Mixed Platforms.ActiveCfg = Debug|Win32
		{52996F15-FE1B-40B1-A447-734694C8FD8E}.DLL VB|Mixed Platforms.Build.0 = Debug|Win32
		{52996F15-FE1B-40B1-A447-734694C8FD8E}.DLL VB|Win32.ActiveCfg = Debug|Win32
		{52996F15-FE1B-40B1-A447-734694C8FD8E}.DLL VB|Win32.Build.0 = Debug|Win32
		{52996F15-FE1B-40B1-A447-734694C8FD8E}.DLL VB|x64.ActiveCfg = Debug|Win32
		{52996F15-FE1B-40B1-A447-734694C8FD8E}.DLL VB|x86.ActiveCfg = Debug|Win32
		{52996F15-FE1B-40B1-A447-734694C8FD8E}.DLL VB|x86.Build.0 = Debug|Win32
		{52996F15-FE1B-40B1-A447-734694C8FD8E}.LIB ASM Debug|Any CPU.ActiveCfg = Debug|Win32
		{52996F15-FE1B-40B1-A447-734694C8FD8E}.LIB ASM Debug|ARM.ActiveCfg = Debug|ARM
		{52996F15-FE1B-40B1-A447-734694C8FD8E}.LIB ASM Debug|ARM.Build.0 = Debug|ARM
		{52996F15-FE1B-40B1-A447-734694C8FD8E}.LIB ASM Debug|Mixed Platforms.ActiveCfg = Debug|Win32
		{52996F15-FE1B-40B1-A447-734694C8FD8E}.LIB ASM Debug|Mixed Platforms.Build.0 = Debug|Win32
		{52996F15-FE1B-40B1-A447-734694C8FD8E}.LIB ASM Debug|Win32.ActiveCfg = Debug|Win32
		{52996F15-FE1B-40B1-A447-734694C8FD8E}.LIB ASM Debug|Win32.Build.0 = Debug|Win32
		{52996F15-FE1B-40B1-A447-734694C8FD8E}.LIB ASM Debug|x64.ActiveCfg = Debug|Win32
		{52996F15-FE1B-40B1-A447-734694C8FD8E}.LIB ASM Debug|x86.ActiveCfg = Debug|Win32
		{52996F15-FE1B-40B1-A447-734694C8FD8E}.LIB ASM Debug|x86.Build.0 = Debug|Win32
		{52996F15-FE1B-40B1-A447-734694C8FD8E}.LIB ASM Release|Any CPU.ActiveCfg = Release|Win32
		{52996F15-FE1B-40B1-A447-734694C8FD8E}.LIB ASM Release|ARM.ActiveCfg = Release|ARM
		{52996F15-FE1B-40B1-A447-734694C8FD8E}.LIB ASM Release|ARM.Build.0 = Release|ARM
		{52996F15-FE1B-40B1-A447-734694C8FD8E}.LIB ASM Release|Mixed Platforms.ActiveCfg = Release|Win32
		{52996F15-FE1B-40B1-A447-734694C8FD8E}.LIB ASM Release|Mixed Platforms.Build.0 = Release|Win32
		{52996F15-FE1B-40B1-A447-734694C8FD8E}.LIB ASM Release|Win32.ActiveCfg = Release|Win32
		{52996F15-FE1B-40B1-A447-734694C8FD8E}.LIB ASM Release|Win32.Build.0 = Release|Win32
		{52996F15-FE1B-40B1-A447-734694C8FD8E}.LIB ASM Release|x64.ActiveCfg = Release|Win32
		{52996F15-FE1B-40B1-A447-734694C8FD8E}.LIB ASM Release|x86.ActiveCfg = Release|Win32
		{52996F15-FE1B-40B1-A447-734694C8FD8E}.LIB ASM Release|x86.Build.0 = Release|Win32
		{52996F15-FE1B-40B1-A447-734694C8FD8E}.LIB Debug|Any CPU.ActiveCfg = Debug|Win32
		{52996F15-FE1B-40B1-A447-734694C8FD8E}.LIB Debug|ARM.ActiveCfg = Debug|ARM
		{52996F15-FE1B-40B1-A447-734694C8FD8E}.LIB Debug|ARM.Build.0 = Debug|ARM
		{52996F15-FE1B-40B1-A447-734694C8FD8E}.LIB Debug|Mixed Platforms.ActiveCfg = Debug|Win32
		{52996F15-FE1B-40B1-A447-734694C8FD8E}.LIB Debug|Mixed Platforms.Build.0 = Debug|Win32
		{52996F15-FE1B-40B1-A447-734694C8FD8E}.LIB Debug|Win32.ActiveCfg = Debug|Win32
		{52996F15-FE1B-40B1-A447-734694C8FD8E}.LIB Debug|Win32.Build.0 = Debug|Win32
		{52996F15-FE1B-40B1-A447-734694C8FD8E}.LIB Debug|x64.ActiveCfg = Debug|Win32
		{52996F15-FE1B-40B1-A447-734694C8FD8E}.LIB Debug|x86.ActiveCfg = Debug|Win32
		{52996F15-FE1B-40B1-A447-734694C8FD8E}.LIB Debug|x86.Build.0 = Debug|Win32
		{52996F15-FE1B-40B1-A447-734694C8FD8E}.LIB Release|Any CPU.ActiveCfg = Release|Win32
		{52996F15-FE1B-40B1-A447-734694C8FD8E}.LIB Release|ARM.ActiveCfg = Release|ARM
		{52996F15-FE1B-40B1-A447-734694C8FD8E}.LIB Release|ARM.Build.0 = Release|ARM
		{52996F15-FE1B-40B1-A447-734694C8FD8E}.LIB Release|Mixed Platforms.ActiveCfg = Release|Win32
		{52996F15-FE1B-40B1-A447-734694C8FD8E}.LIB Release|Mixed Platforms.Build.0 = Release|Win32
		{52996F15-FE1B-40B1-A447-734694C8FD8E}.LIB Release|Win32.ActiveCfg = Release|Win32
		{52996F15-FE1B-40B1-A447-734694C8FD8E}.LIB Release|Win32.Build.0 = Release|Win32
		{52996F15-FE1B-40B1-A447-734694C8FD8E}.LIB Release|x64.ActiveCfg = Release|Win32
		{52996F15-FE1B-40B1-A447-734694C8FD8E}.LIB Release|x86.ActiveCfg = Release|Win32
		{52996F15-FE1B-40B1-A447-734694C8FD8E}.LIB Release|x86.Build.0 = Release|Win32
		{52996F15-FE1B-40B1-A447-734694C8FD8E}.Release|Any CPU.ActiveCfg = Release|Win32
		{52996F15-FE1B-40B1-A447-734694C8FD8E}.Release|ARM.ActiveCfg = Release|ARM
		{52996F15-FE1B-40B1-A447-734694C8FD8E}.Release|ARM.Build.0 = Release|ARM
		{52996F15-FE1B-40B1-A447-734694C8FD8E}.Release|Mixed Platforms.ActiveCfg = Release|Win32
		{52996F15-FE1B-40B1-A447-734694C8FD8E}.Release|Mixed Platforms.Build.0 = Release|Win32
		{52996F15-FE1B-40B1-A447-734694C8FD8E}.Release|Win32.ActiveCfg = Release|Win32
		{52996F15-FE1B-40B1-A447-734694C8FD8E}.Release|Win32.Build.0 = Release|Win32
		{52996F15-FE1B-40B1-A447-734694C8FD8E}.Release|x64.ActiveCfg = Release|Win32
		{52996F15-FE1B-40B1-A447-734694C8FD8E}.Release|x86.ActiveCfg = Release|Win32
		{52996F15-FE1B-40B1-A447-734694C8FD8E}.Release|x86.Build.0 = Release|Win32
		{C406DAEC-0886-4771-8DEA-9D7329B46CC1}.Debug|Any CPU.ActiveCfg = Debug|Win32
		{C406DAEC-0886-4771-8DEA-9D7329B46CC1}.Debug|ARM.ActiveCfg = Debug|ARM
		{C406DAEC-0886-4771-8DEA-9D7329B46CC1}.Debug|Mixed Platforms.ActiveCfg = Debug|Win32
		{C406DAEC-0886-4771-8DEA-9D7329B46CC1}.Debug|Mixed Platforms.Build.0 = Debug|Win32
		{C406DAEC-0886-4771-8DEA-9D7329B46CC1}.Debug|Win32.ActiveCfg = Debug|Win32
		{C406DAEC-0886-4771-8DEA-9D7329B46CC1}.Debug|Win32.Build.0 = Debug|Win32
		{C406DAEC-0886-4771-8DEA-9D7329B46CC1}.Debug|x64.ActiveCfg = Debug|Win32
		{C406DAEC-0886-4771-8DEA-9D7329B46CC1}.Debug|x86.ActiveCfg = Debug|Win32
		{C406DAEC-0886-4771-8DEA-9D7329B46CC1}.Debug|x86.Build.0 = Debug|Win32
		{C406DAEC-0886-4771-8DEA-9D7329B46CC1}.DLL ASM Debug|Any CPU.ActiveCfg = Debug|Win32
		{C406DAEC-0886-4771-8DEA-9D7329B46CC1}.DLL ASM Debug|ARM.ActiveCfg = Debug|Win32
		{C406DAEC-0886-4771-8DEA-9D7329B46CC1}.DLL ASM Debug|Mixed Platforms.ActiveCfg = Debug|Win32
		{C406DAEC-0886-4771-8DEA-9D7329B46CC1}.DLL ASM Debug|Mixed Platforms.Build.0 = Debug|Win32
		{C406DAEC-0886-4771-8DEA-9D7329B46CC1}.DLL ASM Debug|Win32.ActiveCfg = Debug|Win32
		{C406DAEC-0886-4771-8DEA-9D7329B46CC1}.DLL ASM Debug|Win32.Build.0 = Debug|Win32
		{C406DAEC-0886-4771-8DEA-9D7329B46CC1}.DLL ASM Debug|x64.ActiveCfg = Debug|Win32
		{C406DAEC-0886-4771-8DEA-9D7329B46CC1}.DLL ASM Debug|x86.ActiveCfg = Debug|Win32
		{C406DAEC-0886-4771-8DEA-9D7329B46CC1}.DLL ASM Debug|x86.Build.0 = Debug|Win32
		{C406DAEC-0886-4771-8DEA-9D7329B46CC1}.DLL ASM Release|Any CPU.ActiveCfg = Release|Win32
		{C406DAEC-0886-4771-8DEA-9D7329B46CC1}.DLL ASM Release|ARM.ActiveCfg = Release|Win32
		{C406DAEC-0886-4771-8DEA-9D7329B46CC1}.DLL ASM Release|Mixed Platforms.ActiveCfg = Release|Win32
		{C406DAEC-0886-4771-8DEA-9D7329B46CC1}.DLL ASM Release|Mixed Platforms.Build.0 = Release|Win32
		{C406DAEC-0886-4771-8DEA-9D7329B46CC1}.DLL ASM Release|Win32.ActiveCfg = Release|Win32
		{C406DAEC-0886-4771-8DEA-9D7329B46CC1}.DLL ASM Release|Win32.Build.0 = Release|Win32
		{C406DAEC-0886-4771-8DEA-9D7329B46CC1}.DLL ASM Release|x64.ActiveCfg = Release|Win32
		{C406DAEC-0886-4771-8DEA-9D7329B46CC1}.DLL ASM Release|x86.ActiveCfg = Release|Win32
		{C406DAEC-0886-4771-8DEA-9D7329B46CC1}.DLL ASM Release|x86.Build.0 = Release|Win32
		{C406DAEC-0886-4771-8DEA-9D7329B46CC1}.DLL Debug|Any CPU.ActiveCfg = Debug|Win32
		{C406DAEC-0886-4771-8DEA-9D7329B46CC1}.DLL Debug|ARM.ActiveCfg = Debug|Win32
		{C406DAEC-0886-4771-8DEA-9D7329B46CC1}.DLL Debug|Mixed Platforms.ActiveCfg = Debug|Win32
		{C406DAEC-0886-4771-8DEA-9D7329B46CC1}.DLL Debug|Mixed Platforms.Build.0 = Debug|Win32
		{C406DAEC-0886-4771-8DEA-9D7329B46CC1}.DLL Debug|Win32.ActiveCfg = Debug|Win32
		{C406DAEC-0886-4771-8DEA-9D7329B46CC1}.DLL Debug|Win32.Build.0 = Debug|Win32
		{C406DAEC-0886-4771-8DEA-9D7329B46CC1}.DLL Debug|x64.ActiveCfg = Debug|Win32
		{C406DAEC-0886-4771-8DEA-9D7329B46CC1}.DLL Debug|x86.ActiveCfg = Debug|Win32
		{C406DAEC-0886-4771-8DEA-9D7329B46CC1}.DLL Debug|x86.Build.0 = Debug|Win32
		{C406DAEC-0886-4771-8DEA-9D7329B46CC1}.DLL Release|Any CPU.ActiveCfg = Release|Win32
		{C406DAEC-0886-4771-8DEA-9D7329B46CC1}.DLL Release|ARM.ActiveCfg = Release|Win32
		{C406DAEC-0886-4771-8DEA-9D7329B46CC1}.DLL Release|Mixed Platforms.ActiveCfg = Release|Win32
		{C406DAEC-0886-4771-8DEA-9D7329B46CC1}.DLL Release|Mixed Platforms.Build.0 = Release|Win32
		{C406DAEC-0886-4771-8DEA-9D7329B46CC1}.DLL Release|Win32.ActiveCfg = Release|Win32
		{C406DAEC-0886-4771-8DEA-9D7329B46CC1}.DLL Release|Win32.Build.0 = Release|Win32
		{C406DAEC-0886-4771-8DEA-9D7329B46CC1}.DLL Release|x64.ActiveCfg = Release|Win32
		{C406DAEC-0886-4771-8DEA-9D7329B46CC1}.DLL Release|x86.ActiveCfg = Release|Win32
		{C406DAEC-0886-4771-8DEA-9D7329B46CC1}.DLL Release|x86.Build.0 = Release|Win32
		{C406DAEC-0886-4771-8DEA-9D7329B46CC1}.DLL VB|Any CPU.ActiveCfg = Debug|Win32
		{C406DAEC-0886-4771-8DEA-9D7329B46CC1}.DLL VB|ARM.ActiveCfg = Debug|Win32
		{C406DAEC-0886-4771-8DEA-9D7329B46CC1}.DLL VB|Mixed Platforms.ActiveCfg = Debug|Win32
		{C406DAEC-0886-4771-8DEA-9D7329B46CC1}.DLL VB|Mixed Platforms.Build.0 = Debug|Win32
		{C406DAEC-0886-4771-8DEA-9D7329B46CC1}.DLL VB|Win32.ActiveCfg = Debug|Win32
		{C406DAEC-0886-4771-8DEA-9D7329B46CC1}.DLL VB|Win32.Build.0 = Debug|Win32
		{C406DAEC-0886-4771-8DEA-9D7329B46CC1}.DLL VB|x64.ActiveCfg = Debug|Win32
		{C406DAEC-0886-4771-8DEA-9D7329B46CC1}.DLL VB|x86.ActiveCfg = Debug|Win32
		{C406DAEC-0886-4771-8DEA-9D7329B46CC1}.DLL VB|x86.Build.0 = Debug|Win32
		{C406DAEC-0886-4771-8DEA-9D7329B46CC1}.LIB ASM Debug|Any CPU.ActiveCfg = Debug|Win32
		{C406DAEC-0886-4771-8DEA-9D7329B46CC1}.LIB ASM Debug|ARM.ActiveCfg = Debug|Win32
		{C406DAEC-0886-4771-8DEA-9D7329B46CC1}.LIB ASM Debug|Mixed Platforms.ActiveCfg = Debug|Win32
		{C406DAEC-0886-4771-8DEA-9D7329B46CC1}.LIB ASM Debug|Mixed Platforms.Build.0 = Debug|Win32
		{C406DAEC-0886-4771-8DEA-9D7329B46CC1}.LIB ASM Debug|Win32.ActiveCfg = Debug|Win32
		{C406DAEC-0886-4771-8DEA-9D7329B46CC1}.LIB ASM Debug|Win32.Build.0 = Debug|Win32
		{C406DAEC-0886-4771-8DEA-9D7329B46CC1}.LIB ASM Debug|x64.ActiveCfg = Debug|Win32
		{C406DAEC-0886-4771-8DEA-9D7329B46CC1}.LIB ASM Debug|x86.ActiveCfg = Debug|Win32
		{C406DAEC-0886-4771-8DEA-9D7329B46CC1}.LIB ASM Debug|x86.Build.0 = Debug|Win32
		{C406DAEC-0886-4771-8DEA-9D7329B46CC1}.LIB ASM Release|Any CPU.ActiveCfg = Release|Win32
		{C406DAEC-0886-4771-8DEA-9D7329B46CC1}.LIB ASM Release|ARM.ActiveCfg = Release|Win32
		{C406DAEC-0886-4771-8DEA-9D7329B46CC1}.LIB ASM Release|Mixed Platforms.ActiveCfg = Release|Win32
		{C406DAEC-0886-4771-8DEA-9D7329B46CC1}.LIB ASM Release|Mixed Platforms.Build.0 = Release|Win32
		{C406DAEC-0886-4771-8DEA-9D7329B46CC1}.LIB ASM Release|Win32.ActiveCfg = Release|Win32
		{C406DAEC-0886-4771-8DEA-9D7329B46CC1}.LIB ASM Release|Win32.Build.0 = Release|Win32
		{C406DAEC-0886-4771-8DEA-9D7329B46CC1}.LIB ASM Release|x64.ActiveCfg = Release|Win32
		{C406DAEC-0886-4771-8DEA-9D7329B46CC1}.LIB ASM Release|x86.ActiveCfg = Release|Win32
		{C406DAEC-0886-4771-8DEA-9D7329B46CC1}.LIB ASM Release|x86.Build.0 = Release|Win32
		{C406DAEC-0886-4771-8DEA-9D7329B46CC1}.LIB Debug|Any CPU.ActiveCfg = Debug|Win32
		{C406DAEC-0886-4771-8DEA-9D7329B46CC1}.LIB Debug|ARM.ActiveCfg = Debug|Win32
		{C406DAEC-0886-4771-8DEA-9D7329B46CC1}.LIB Debug|Mixed Platforms.ActiveCfg = Debug|Win32
		{C406DAEC-0886-4771-8DEA-9D7329B46CC1}.LIB Debug|Mixed Platforms.Build.0 = Debug|Win32
		{C406DAEC-0886-4771-8DEA-9D7329B46CC1}.LIB Debug|Win32.ActiveCfg = Debug|Win32
		{C406DAEC-0886-4771-8DEA-9D7329B46CC1}.LIB Debug|Win32.Build.0 = Debug|Win32
		{C406DAEC-0886-4771-8DEA-9D7329B46CC1}.LIB Debug|x64.ActiveCfg = Debug|Win32
		{C406DAEC-0886-4771-8DEA-9D7329B46CC1}.LIB Debug|x86.ActiveCfg = Debug|Win32
		{C406DAEC-0886-4771-8DEA-9D7329B46CC1}.LIB Debug|x86.Build.0 = Debug|Win32
		{C406DAEC-0886-4771-8DEA-9D7329B46CC1}.LIB Release|Any CPU.ActiveCfg = Release|Win32
		{C406DAEC-0886-4771-8DEA-9D7329B46CC1}.LIB Release|ARM.ActiveCfg = Release|Win32
		{C406DAEC-0886-4771-8DEA-9D7329B46CC1}.LIB Release|Mixed Platforms.ActiveCfg = Release|Win32
		{C406DAEC-0886-4771-8DEA-9D7329B46CC1}.LIB Release|Mixed Platforms.Build.0 = Release|Win32
		{C406DAEC-0886-4771-8DEA-9D7329B46CC1}.LIB Release|Win32.ActiveCfg = Release|Win32
		{C406DAEC-0886-4771-8DEA-9D7329B46CC1}.LIB Release|Win32.Build.0 = Release|Win32
		{C406DAEC-0886-4771-8DEA-9D7329B46CC1}.LIB Release|x64.ActiveCfg = Release|Win32
		{C406DAEC-0886-4771-8DEA-9D7329B46CC1}.LIB Release|x86.ActiveCfg = Release|Win32
		{C406DAEC-0886-4771-8DEA-9D7329B46CC1}.LIB Release|x86.Build.0 = Release|Win32
		{C406DAEC-0886-4771-8DEA-9D7329B46CC1}.Release|Any CPU.ActiveCfg = Release|Win32
		{C406DAEC-0886-4771-8DEA-9D7329B46CC1}.Release|ARM.ActiveCfg = Release|Win32
		{C406DAEC-0886-4771-8DEA-9D7329B46CC1}.Release|Mixed Platforms.ActiveCfg = Release|Win32
		{C406DAEC-0886-4771-8DEA-9D7329B46CC1}.Release|Mixed Platforms.Build.0 = Release|Win32
		{C406DAEC-0886-4771-8DEA-9D7329B46CC1}.Release|Win32.ActiveCfg = Release|Win32
		{C406DAEC-0886-4771-8DEA-9D7329B46CC1}.Release|Win32.Build.0 = Release|Win32
		{C406DAEC-0886-4771-8DEA-9D7329B46CC1}.Release|x64.ActiveCfg = Release|Win32
		{C406DAEC-0886-4771-8DEA-9D7329B46CC1}.Release|x86.ActiveCfg = Release|Win32
		{C406DAEC-0886-4771-8DEA-9D7329B46CC1}.Release|x86.Build.0 = Release|Win32
	EndGlobalSection
	GlobalSection(SolutionProperties) = preSolution
		HideSolutionNode = FALSE
	EndGlobalSection
EndGlobal
